// !$*UTF8*$!
{
	archiveVersion = 1;
	classes = {
	};
	objectVersion = 46;
	objects = {

/* Begin PBXBuildFile section */
		2D0C18391B2664CD00ADB022 /* WorkoutViewController.m in Sources */ = {isa = PBXBuildFile; fileRef = 2D0C18381B2664CD00ADB022 /* WorkoutViewController.m */; };
		2D4578951B3EA57400585C11 /* libCorePlot-CocoaTouch.a in Frameworks */ = {isa = PBXBuildFile; fileRef = 2D4578921B3EA55C00585C11 /* libCorePlot-CocoaTouch.a */; };
		2D7D7C321AC0C5950069E888 /* AddEventDataViewController.m in Sources */ = {isa = PBXBuildFile; fileRef = 2D7D7C311AC0C5950069E888 /* AddEventDataViewController.m */; };
		2D7D7C621AC4D9A80069E888 /* AerobicEvent.m in Sources */ = {isa = PBXBuildFile; fileRef = 2D7D7C611AC4D9A80069E888 /* AerobicEvent.m */; };
		2D7D7C641AC69CA60069E888 /* CoreDataHelper.m in Sources */ = {isa = PBXBuildFile; fileRef = 2D7D7C631AC69CA60069E888 /* CoreDataHelper.m */; };
		2D7D7C6B1AC720CB0069E888 /* WeightLiftingEvent.m in Sources */ = {isa = PBXBuildFile; fileRef = 2D7D7C6A1AC720CB0069E888 /* WeightLiftingEvent.m */; };
		2DA73A1B1B511C2F00596C3E /* MotivationalQuoteHelper.m in Sources */ = {isa = PBXBuildFile; fileRef = 2DA73A1A1B511C2F00596C3E /* MotivationalQuoteHelper.m */; };
		2DA73A1E1B511D7200596C3E /* MotivationalQuoteInfo.m in Sources */ = {isa = PBXBuildFile; fileRef = 2DA73A1D1B511D7200596C3E /* MotivationalQuoteInfo.m */; };
		2DA73A201B5286E700596C3E /* Quotes.plist in Resources */ = {isa = PBXBuildFile; fileRef = 2DA73A1F1B5286E700596C3E /* Quotes.plist */; };
		2DAF3B331B278A6D001DA3DE /* WorkoutScheduledEventViewController.m in Sources */ = {isa = PBXBuildFile; fileRef = 2DAF3B321B278A6D001DA3DE /* WorkoutScheduledEventViewController.m */; };
		2DAF3B361B278BC7001DA3DE /* NewScheduledWorkoutTableViewController.m in Sources */ = {isa = PBXBuildFile; fileRef = 2DAF3B351B278BC7001DA3DE /* NewScheduledWorkoutTableViewController.m */; };
		2DAF3B391B28EB00001DA3DE /* ScheduleStatus.m in Sources */ = {isa = PBXBuildFile; fileRef = 2DAF3B381B28EB00001DA3DE /* ScheduleStatus.m */; };
		2DAF3B3C1B2AD724001DA3DE /* AbstractScheduleEventViewController.m in Sources */ = {isa = PBXBuildFile; fileRef = 2DAF3B3B1B2AD724001DA3DE /* AbstractScheduleEventViewController.m */; };
		2DAF3B3F1B2D702C001DA3DE /* ScheduleStatusFileHelper.m in Sources */ = {isa = PBXBuildFile; fileRef = 2DAF3B3E1B2D702C001DA3DE /* ScheduleStatusFileHelper.m */; };
		2DAF3B421B2E199B001DA3DE /* Utilities.m in Sources */ = {isa = PBXBuildFile; fileRef = 2DAF3B411B2E199B001DA3DE /* Utilities.m */; };
		2DB6F41F1AE9075600FCE207 /* EditEventTableViewController.m in Sources */ = {isa = PBXBuildFile; fileRef = 2DB6F41E1AE9075600FCE207 /* EditEventTableViewController.m */; };
		2DB6F4221AE9C3B000FCE207 /* EditSelectedEventTableViewController.m in Sources */ = {isa = PBXBuildFile; fileRef = 2DB6F4211AE9C3B000FCE207 /* EditSelectedEventTableViewController.m */; };
		2DB6F42E1AEAADCA00FCE207 /* AbstractEventDataViewController.m in Sources */ = {isa = PBXBuildFile; fileRef = 2DB6F42D1AEAADCA00FCE207 /* AbstractEventDataViewController.m */; };
		2DB6F4311AEBDD1000FCE207 /* EditEventTableViewCell.m in Sources */ = {isa = PBXBuildFile; fileRef = 2DB6F4301AEBDD1000FCE207 /* EditEventTableViewCell.m */; };
		2DB6F43D1AEE50C700FCE207 /* EditEventViewController.m in Sources */ = {isa = PBXBuildFile; fileRef = 2DB6F43C1AEE50C700FCE207 /* EditEventViewController.m */; };
		2DB6F4421AEFA01100FCE207 /* QuartzCore.framework in Frameworks */ = {isa = PBXBuildFile; fileRef = 2DB6F4411AEFA01100FCE207 /* QuartzCore.framework */; };
		2DB6F45A1AEFD35000FCE207 /* Accelerate.framework in Frameworks */ = {isa = PBXBuildFile; fileRef = 2DB6F4591AEFD35000FCE207 /* Accelerate.framework */; };
		2DB93FEA1AF0FE400062AB0D /* AbstractEventDataTableViewController.m in Sources */ = {isa = PBXBuildFile; fileRef = 2DB93FE91AF0FE400062AB0D /* AbstractEventDataTableViewController.m */; };
		2DB93FED1AF116140062AB0D /* HistoryEventSelectTableViewController.m in Sources */ = {isa = PBXBuildFile; fileRef = 2DB93FEC1AF116140062AB0D /* HistoryEventSelectTableViewController.m */; };
		2DB93FF11AF151160062AB0D /* SelectedEvent.m in Sources */ = {isa = PBXBuildFile; fileRef = 2DB93FF01AF151160062AB0D /* SelectedEvent.m */; };
		2DB93FF41AF23AC20062AB0D /* EventHistoryPlotViewController.m in Sources */ = {isa = PBXBuildFile; fileRef = 2DB93FF31AF23AC20062AB0D /* EventHistoryPlotViewController.m */; };
		2DB93FFA1AF383E40062AB0D /* EventHistoryViewController.m in Sources */ = {isa = PBXBuildFile; fileRef = 2DB93FF91AF383E40062AB0D /* EventHistoryViewController.m */; };
		2DB93FFD1AF6AAE90062AB0D /* EventTableViewCell.m in Sources */ = {isa = PBXBuildFile; fileRef = 2DB93FFC1AF6AAE90062AB0D /* EventTableViewCell.m */; };
		2DB940011AF844FA0062AB0D /* EventDataSectionHeaderCell.m in Sources */ = {isa = PBXBuildFile; fileRef = 2DB940001AF844FA0062AB0D /* EventDataSectionHeaderCell.m */; };
		2DBCE8411AAB98EB00303DE1 /* main.m in Sources */ = {isa = PBXBuildFile; fileRef = 2DBCE8401AAB98EB00303DE1 /* main.m */; };
		2DBCE8441AAB98EB00303DE1 /* AppDelegate.m in Sources */ = {isa = PBXBuildFile; fileRef = 2DBCE8431AAB98EB00303DE1 /* AppDelegate.m */; };
		2DBCE8471AAB98EB00303DE1 /* ExerciseRecording.xcdatamodeld in Sources */ = {isa = PBXBuildFile; fileRef = 2DBCE8451AAB98EB00303DE1 /* ExerciseRecording.xcdatamodeld */; };
		2DBCE84A1AAB98EB00303DE1 /* EventViewController.m in Sources */ = {isa = PBXBuildFile; fileRef = 2DBCE8491AAB98EB00303DE1 /* EventViewController.m */; };
		2DBCE84D1AAB98EB00303DE1 /* Main.storyboard in Resources */ = {isa = PBXBuildFile; fileRef = 2DBCE84B1AAB98EB00303DE1 /* Main.storyboard */; };
		2DBCE84F1AAB98EB00303DE1 /* Images.xcassets in Resources */ = {isa = PBXBuildFile; fileRef = 2DBCE84E1AAB98EB00303DE1 /* Images.xcassets */; };
		2DBCE8521AAB98EB00303DE1 /* LaunchScreen.xib in Resources */ = {isa = PBXBuildFile; fileRef = 2DBCE8501AAB98EB00303DE1 /* LaunchScreen.xib */; };
		2DBCE85E1AAB98EC00303DE1 /* ExerciseRecordingTests.m in Sources */ = {isa = PBXBuildFile; fileRef = 2DBCE85D1AAB98EC00303DE1 /* ExerciseRecordingTests.m */; };
		2DBCE8681AACCBF100303DE1 /* ExerciseCategory.plist in Resources */ = {isa = PBXBuildFile; fileRef = 2DBCE8671AACCBF100303DE1 /* ExerciseCategory.plist */; };
		2DBCE8781AACDBED00303DE1 /* SetupExreciseInfoViewController.m in Sources */ = {isa = PBXBuildFile; fileRef = 2DBCE8771AACDBED00303DE1 /* SetupExreciseInfoViewController.m */; };
		2DF9C0B21B134873002A497E /* CreateSheduleViewController.m in Sources */ = {isa = PBXBuildFile; fileRef = 2DF9C0B11B134873002A497E /* CreateSheduleViewController.m */; };
		2DF9C0B51B13B54E002A497E /* DayCollectionViewCell.m in Sources */ = {isa = PBXBuildFile; fileRef = 2DF9C0B41B13B54E002A497E /* DayCollectionViewCell.m */; };
		2DF9C0BB1B13B931002A497E /* ScheduleHeaderCollectionReusableView.m in Sources */ = {isa = PBXBuildFile; fileRef = 2DF9C0BA1B13B931002A497E /* ScheduleHeaderCollectionReusableView.m */; };
		2DF9C0BE1B1475F2002A497E /* ScheduleDayEventsViewController.m in Sources */ = {isa = PBXBuildFile; fileRef = 2DF9C0BD1B1475F2002A497E /* ScheduleDayEventsViewController.m */; };
		2DF9C0CD1B15215A002A497E /* ScheduledEventInfo.m in Sources */ = {isa = PBXBuildFile; fileRef = 2DF9C0CC1B15215A002A497E /* ScheduledEventInfo.m */; };
		2DF9C0D31B152B1A002A497E /* Schedule.m in Sources */ = {isa = PBXBuildFile; fileRef = 2DF9C0D21B152B1A002A497E /* Schedule.m */; };
		2DF9C0D91B166EA2002A497E /* ScheduleDaySectionHeaderCell.m in Sources */ = {isa = PBXBuildFile; fileRef = 2DF9C0D81B166EA2002A497E /* ScheduleDaySectionHeaderCell.m */; };
		2DF9C0DF1B1DAE65002A497E /* DefaultAerobic.m in Sources */ = {isa = PBXBuildFile; fileRef = 2DF9C0DE1B1DAE65002A497E /* DefaultAerobic.m */; };
		2DF9C0E21B1DAE66002A497E /* DefaultWeightLifting.m in Sources */ = {isa = PBXBuildFile; fileRef = 2DF9C0E11B1DAE66002A497E /* DefaultWeightLifting.m */; };
		2DF9C0E51B1E482A002A497E /* ScheduledEvent.m in Sources */ = {isa = PBXBuildFile; fileRef = 2DF9C0E41B1E482A002A497E /* ScheduledEvent.m */; };
		2DFD82141ADF33C000BD9D86 /* ExerciseSelection.plist in Resources */ = {isa = PBXBuildFile; fileRef = 2DFD82131ADF33C000BD9D86 /* ExerciseSelection.plist */; };
		2DFD82171ADF37DD00BD9D86 /* SelectEventToAddTableViewController.m in Sources */ = {isa = PBXBuildFile; fileRef = 2DFD82161ADF37DD00BD9D86 /* SelectEventToAddTableViewController.m */; };
/* End PBXBuildFile section */

/* Begin PBXContainerItemProxy section */
		2D4578911B3EA55C00585C11 /* PBXContainerItemProxy */ = {
			isa = PBXContainerItemProxy;
			containerPortal = 2D45788B1B3EA55C00585C11 /* CorePlot-CocoaTouch.xcodeproj */;
			proxyType = 2;
			remoteGlobalIDString = BC9B83470FB8A0A40035D8DA;
			remoteInfo = "CorePlot-CocoaTouch";
		};
		2D4578931B3EA56900585C11 /* PBXContainerItemProxy */ = {
			isa = PBXContainerItemProxy;
			containerPortal = 2D45788B1B3EA55C00585C11 /* CorePlot-CocoaTouch.xcodeproj */;
			proxyType = 1;
			remoteGlobalIDString = BC9B83460FB8A0A40035D8DA;
			remoteInfo = "CorePlot-CocoaTouch";
		};
		2DBCE8581AAB98EC00303DE1 /* PBXContainerItemProxy */ = {
			isa = PBXContainerItemProxy;
			containerPortal = 2DBCE8331AAB98EB00303DE1 /* Project object */;
			proxyType = 1;
			remoteGlobalIDString = 2DBCE83A1AAB98EB00303DE1;
			remoteInfo = ExerciseRecording;
		};
/* End PBXContainerItemProxy section */

/* Begin PBXFileReference section */
		2D0A07E81B75E72400F20112 /* ExerciseRecording 10.xcdatamodel */ = {isa = PBXFileReference; lastKnownFileType = wrapper.xcdatamodel; path = "ExerciseRecording 10.xcdatamodel"; sourceTree = "<group>"; };
		2D0C18371B2664CD00ADB022 /* WorkoutViewController.h */ = {isa = PBXFileReference; fileEncoding = 4; lastKnownFileType = sourcecode.c.h; path = WorkoutViewController.h; sourceTree = "<group>"; };
		2D0C18381B2664CD00ADB022 /* WorkoutViewController.m */ = {isa = PBXFileReference; fileEncoding = 4; lastKnownFileType = sourcecode.c.objc; path = WorkoutViewController.m; sourceTree = "<group>"; };
		2D37EE4D1AFE0A8C00530FA1 /* ExerciseRecording 7.xcdatamodel */ = {isa = PBXFileReference; lastKnownFileType = wrapper.xcdatamodel; path = "ExerciseRecording 7.xcdatamodel"; sourceTree = "<group>"; };
		2D45788B1B3EA55C00585C11 /* CorePlot-CocoaTouch.xcodeproj */ = {isa = PBXFileReference; lastKnownFileType = "wrapper.pb-project"; name = "CorePlot-CocoaTouch.xcodeproj"; path = "../core-plot-master/framework/CorePlot-CocoaTouch.xcodeproj"; sourceTree = "<group>"; };
		2D7D7C301AC0C5950069E888 /* AddEventDataViewController.h */ = {isa = PBXFileReference; fileEncoding = 4; lastKnownFileType = sourcecode.c.h; path = AddEventDataViewController.h; sourceTree = "<group>"; };
		2D7D7C311AC0C5950069E888 /* AddEventDataViewController.m */ = {isa = PBXFileReference; fileEncoding = 4; lastKnownFileType = sourcecode.c.objc; path = AddEventDataViewController.m; sourceTree = "<group>"; };
		2D7D7C601AC4D9A80069E888 /* AerobicEvent.h */ = {isa = PBXFileReference; fileEncoding = 4; lastKnownFileType = sourcecode.c.h; path = AerobicEvent.h; sourceTree = "<group>"; };
		2D7D7C611AC4D9A80069E888 /* AerobicEvent.m */ = {isa = PBXFileReference; fileEncoding = 4; lastKnownFileType = sourcecode.c.objc; path = AerobicEvent.m; sourceTree = "<group>"; };
		2D7D7C631AC69CA60069E888 /* CoreDataHelper.m */ = {isa = PBXFileReference; fileEncoding = 4; lastKnownFileType = sourcecode.c.objc; path = CoreDataHelper.m; sourceTree = "<group>"; };
		2D7D7C651AC69CC20069E888 /* CoreDataHelper.h */ = {isa = PBXFileReference; lastKnownFileType = sourcecode.c.h; path = CoreDataHelper.h; sourceTree = "<group>"; };
		2D7D7C691AC720CB0069E888 /* WeightLiftingEvent.h */ = {isa = PBXFileReference; fileEncoding = 4; lastKnownFileType = sourcecode.c.h; path = WeightLiftingEvent.h; sourceTree = "<group>"; };
		2D7D7C6A1AC720CB0069E888 /* WeightLiftingEvent.m */ = {isa = PBXFileReference; fileEncoding = 4; lastKnownFileType = sourcecode.c.objc; path = WeightLiftingEvent.m; sourceTree = "<group>"; };
		2DA73A191B511C2F00596C3E /* MotivationalQuoteHelper.h */ = {isa = PBXFileReference; fileEncoding = 4; lastKnownFileType = sourcecode.c.h; path = MotivationalQuoteHelper.h; sourceTree = "<group>"; };
		2DA73A1A1B511C2F00596C3E /* MotivationalQuoteHelper.m */ = {isa = PBXFileReference; fileEncoding = 4; lastKnownFileType = sourcecode.c.objc; path = MotivationalQuoteHelper.m; sourceTree = "<group>"; };
		2DA73A1C1B511D7200596C3E /* MotivationalQuoteInfo.h */ = {isa = PBXFileReference; fileEncoding = 4; lastKnownFileType = sourcecode.c.h; path = MotivationalQuoteInfo.h; sourceTree = "<group>"; };
		2DA73A1D1B511D7200596C3E /* MotivationalQuoteInfo.m */ = {isa = PBXFileReference; fileEncoding = 4; lastKnownFileType = sourcecode.c.objc; path = MotivationalQuoteInfo.m; sourceTree = "<group>"; };
		2DA73A1F1B5286E700596C3E /* Quotes.plist */ = {isa = PBXFileReference; fileEncoding = 4; lastKnownFileType = text.plist.xml; path = Quotes.plist; sourceTree = "<group>"; };
		2DA849421AFAD28A0003AB4F /* ExerciseRecording 6.xcdatamodel */ = {isa = PBXFileReference; lastKnownFileType = wrapper.xcdatamodel; path = "ExerciseRecording 6.xcdatamodel"; sourceTree = "<group>"; };
		2DAF3B311B278A6D001DA3DE /* WorkoutScheduledEventViewController.h */ = {isa = PBXFileReference; fileEncoding = 4; lastKnownFileType = sourcecode.c.h; path = WorkoutScheduledEventViewController.h; sourceTree = "<group>"; };
		2DAF3B321B278A6D001DA3DE /* WorkoutScheduledEventViewController.m */ = {isa = PBXFileReference; fileEncoding = 4; lastKnownFileType = sourcecode.c.objc; path = WorkoutScheduledEventViewController.m; sourceTree = "<group>"; };
		2DAF3B341B278BC7001DA3DE /* NewScheduledWorkoutTableViewController.h */ = {isa = PBXFileReference; fileEncoding = 4; lastKnownFileType = sourcecode.c.h; path = NewScheduledWorkoutTableViewController.h; sourceTree = "<group>"; };
		2DAF3B351B278BC7001DA3DE /* NewScheduledWorkoutTableViewController.m */ = {isa = PBXFileReference; fileEncoding = 4; lastKnownFileType = sourcecode.c.objc; path = NewScheduledWorkoutTableViewController.m; sourceTree = "<group>"; };
		2DAF3B371B28EB00001DA3DE /* ScheduleStatus.h */ = {isa = PBXFileReference; fileEncoding = 4; lastKnownFileType = sourcecode.c.h; path = ScheduleStatus.h; sourceTree = "<group>"; };
		2DAF3B381B28EB00001DA3DE /* ScheduleStatus.m */ = {isa = PBXFileReference; fileEncoding = 4; lastKnownFileType = sourcecode.c.objc; path = ScheduleStatus.m; sourceTree = "<group>"; };
		2DAF3B3A1B2AD724001DA3DE /* AbstractScheduleEventViewController.h */ = {isa = PBXFileReference; fileEncoding = 4; lastKnownFileType = sourcecode.c.h; path = AbstractScheduleEventViewController.h; sourceTree = "<group>"; };
		2DAF3B3B1B2AD724001DA3DE /* AbstractScheduleEventViewController.m */ = {isa = PBXFileReference; fileEncoding = 4; lastKnownFileType = sourcecode.c.objc; path = AbstractScheduleEventViewController.m; sourceTree = "<group>"; };
		2DAF3B3D1B2D702C001DA3DE /* ScheduleStatusFileHelper.h */ = {isa = PBXFileReference; fileEncoding = 4; lastKnownFileType = sourcecode.c.h; path = ScheduleStatusFileHelper.h; sourceTree = "<group>"; };
		2DAF3B3E1B2D702C001DA3DE /* ScheduleStatusFileHelper.m */ = {isa = PBXFileReference; fileEncoding = 4; lastKnownFileType = sourcecode.c.objc; path = ScheduleStatusFileHelper.m; sourceTree = "<group>"; };
		2DAF3B401B2E199B001DA3DE /* Utilities.h */ = {isa = PBXFileReference; fileEncoding = 4; lastKnownFileType = sourcecode.c.h; path = Utilities.h; sourceTree = "<group>"; };
		2DAF3B411B2E199B001DA3DE /* Utilities.m */ = {isa = PBXFileReference; fileEncoding = 4; lastKnownFileType = sourcecode.c.objc; path = Utilities.m; sourceTree = "<group>"; };
		2DB6F41D1AE9075600FCE207 /* EditEventTableViewController.h */ = {isa = PBXFileReference; fileEncoding = 4; lastKnownFileType = sourcecode.c.h; path = EditEventTableViewController.h; sourceTree = "<group>"; };
		2DB6F41E1AE9075600FCE207 /* EditEventTableViewController.m */ = {isa = PBXFileReference; fileEncoding = 4; lastKnownFileType = sourcecode.c.objc; path = EditEventTableViewController.m; sourceTree = "<group>"; };
		2DB6F4201AE9C3B000FCE207 /* EditSelectedEventTableViewController.h */ = {isa = PBXFileReference; fileEncoding = 4; lastKnownFileType = sourcecode.c.h; path = EditSelectedEventTableViewController.h; sourceTree = "<group>"; };
		2DB6F4211AE9C3B000FCE207 /* EditSelectedEventTableViewController.m */ = {isa = PBXFileReference; fileEncoding = 4; lastKnownFileType = sourcecode.c.objc; path = EditSelectedEventTableViewController.m; sourceTree = "<group>"; };
		2DB6F42C1AEAADCA00FCE207 /* AbstractEventDataViewController.h */ = {isa = PBXFileReference; fileEncoding = 4; lastKnownFileType = sourcecode.c.h; path = AbstractEventDataViewController.h; sourceTree = "<group>"; };
		2DB6F42D1AEAADCA00FCE207 /* AbstractEventDataViewController.m */ = {isa = PBXFileReference; fileEncoding = 4; lastKnownFileType = sourcecode.c.objc; path = AbstractEventDataViewController.m; sourceTree = "<group>"; };
		2DB6F42F1AEBDD1000FCE207 /* EditEventTableViewCell.h */ = {isa = PBXFileReference; fileEncoding = 4; lastKnownFileType = sourcecode.c.h; path = EditEventTableViewCell.h; sourceTree = "<group>"; };
		2DB6F4301AEBDD1000FCE207 /* EditEventTableViewCell.m */ = {isa = PBXFileReference; fileEncoding = 4; lastKnownFileType = sourcecode.c.objc; path = EditEventTableViewCell.m; sourceTree = "<group>"; };
		2DB6F43B1AEE50C700FCE207 /* EditEventViewController.h */ = {isa = PBXFileReference; fileEncoding = 4; lastKnownFileType = sourcecode.c.h; path = EditEventViewController.h; sourceTree = "<group>"; };
		2DB6F43C1AEE50C700FCE207 /* EditEventViewController.m */ = {isa = PBXFileReference; fileEncoding = 4; lastKnownFileType = sourcecode.c.objc; path = EditEventViewController.m; sourceTree = "<group>"; };
		2DB6F4411AEFA01100FCE207 /* QuartzCore.framework */ = {isa = PBXFileReference; lastKnownFileType = wrapper.framework; name = QuartzCore.framework; path = System/Library/Frameworks/QuartzCore.framework; sourceTree = SDKROOT; };
		2DB6F4591AEFD35000FCE207 /* Accelerate.framework */ = {isa = PBXFileReference; lastKnownFileType = wrapper.framework; name = Accelerate.framework; path = System/Library/Frameworks/Accelerate.framework; sourceTree = SDKROOT; };
		2DB93FE81AF0FE400062AB0D /* AbstractEventDataTableViewController.h */ = {isa = PBXFileReference; fileEncoding = 4; lastKnownFileType = sourcecode.c.h; path = AbstractEventDataTableViewController.h; sourceTree = "<group>"; };
		2DB93FE91AF0FE400062AB0D /* AbstractEventDataTableViewController.m */ = {isa = PBXFileReference; fileEncoding = 4; lastKnownFileType = sourcecode.c.objc; path = AbstractEventDataTableViewController.m; sourceTree = "<group>"; };
		2DB93FEB1AF116140062AB0D /* HistoryEventSelectTableViewController.h */ = {isa = PBXFileReference; fileEncoding = 4; lastKnownFileType = sourcecode.c.h; path = HistoryEventSelectTableViewController.h; sourceTree = "<group>"; };
		2DB93FEC1AF116140062AB0D /* HistoryEventSelectTableViewController.m */ = {isa = PBXFileReference; fileEncoding = 4; lastKnownFileType = sourcecode.c.objc; path = HistoryEventSelectTableViewController.m; sourceTree = "<group>"; };
		2DB93FEF1AF151160062AB0D /* SelectedEvent.h */ = {isa = PBXFileReference; fileEncoding = 4; lastKnownFileType = sourcecode.c.h; path = SelectedEvent.h; sourceTree = "<group>"; };
		2DB93FF01AF151160062AB0D /* SelectedEvent.m */ = {isa = PBXFileReference; fileEncoding = 4; lastKnownFileType = sourcecode.c.objc; path = SelectedEvent.m; sourceTree = "<group>"; };
		2DB93FF21AF23AC20062AB0D /* EventHistoryPlotViewController.h */ = {isa = PBXFileReference; fileEncoding = 4; lastKnownFileType = sourcecode.c.h; path = EventHistoryPlotViewController.h; sourceTree = "<group>"; };
		2DB93FF31AF23AC20062AB0D /* EventHistoryPlotViewController.m */ = {isa = PBXFileReference; fileEncoding = 4; lastKnownFileType = sourcecode.c.objc; path = EventHistoryPlotViewController.m; sourceTree = "<group>"; };
		2DB93FF81AF383E40062AB0D /* EventHistoryViewController.h */ = {isa = PBXFileReference; fileEncoding = 4; lastKnownFileType = sourcecode.c.h; path = EventHistoryViewController.h; sourceTree = "<group>"; };
		2DB93FF91AF383E40062AB0D /* EventHistoryViewController.m */ = {isa = PBXFileReference; fileEncoding = 4; lastKnownFileType = sourcecode.c.objc; path = EventHistoryViewController.m; sourceTree = "<group>"; };
		2DB93FFB1AF6AAE80062AB0D /* EventTableViewCell.h */ = {isa = PBXFileReference; fileEncoding = 4; lastKnownFileType = sourcecode.c.h; path = EventTableViewCell.h; sourceTree = "<group>"; };
		2DB93FFC1AF6AAE90062AB0D /* EventTableViewCell.m */ = {isa = PBXFileReference; fileEncoding = 4; lastKnownFileType = sourcecode.c.objc; path = EventTableViewCell.m; sourceTree = "<group>"; };
		2DB93FFE1AF83F860062AB0D /* ExerciseRecording 2.xcdatamodel */ = {isa = PBXFileReference; lastKnownFileType = wrapper.xcdatamodel; path = "ExerciseRecording 2.xcdatamodel"; sourceTree = "<group>"; };
		2DB93FFF1AF844FA0062AB0D /* EventDataSectionHeaderCell.h */ = {isa = PBXFileReference; fileEncoding = 4; lastKnownFileType = sourcecode.c.h; path = EventDataSectionHeaderCell.h; sourceTree = "<group>"; };
		2DB940001AF844FA0062AB0D /* EventDataSectionHeaderCell.m */ = {isa = PBXFileReference; fileEncoding = 4; lastKnownFileType = sourcecode.c.objc; path = EventDataSectionHeaderCell.m; sourceTree = "<group>"; };
		2DB940061AFA07320062AB0D /* ExerciseRecording 3.xcdatamodel */ = {isa = PBXFileReference; lastKnownFileType = wrapper.xcdatamodel; path = "ExerciseRecording 3.xcdatamodel"; sourceTree = "<group>"; };
		2DB940071AFA07DE0062AB0D /* ExerciseRecording 4.xcdatamodel */ = {isa = PBXFileReference; lastKnownFileType = wrapper.xcdatamodel; path = "ExerciseRecording 4.xcdatamodel"; sourceTree = "<group>"; };
		2DB940081AFAC6370062AB0D /* ExerciseRecording 5.xcdatamodel */ = {isa = PBXFileReference; lastKnownFileType = wrapper.xcdatamodel; path = "ExerciseRecording 5.xcdatamodel"; sourceTree = "<group>"; };
		2DBCE83B1AAB98EB00303DE1 /* ExerciseRecording.app */ = {isa = PBXFileReference; explicitFileType = wrapper.application; includeInIndex = 0; path = ExerciseRecording.app; sourceTree = BUILT_PRODUCTS_DIR; };
		2DBCE83F1AAB98EB00303DE1 /* Info.plist */ = {isa = PBXFileReference; lastKnownFileType = text.plist.xml; path = Info.plist; sourceTree = "<group>"; };
		2DBCE8401AAB98EB00303DE1 /* main.m */ = {isa = PBXFileReference; lastKnownFileType = sourcecode.c.objc; path = main.m; sourceTree = "<group>"; };
		2DBCE8421AAB98EB00303DE1 /* AppDelegate.h */ = {isa = PBXFileReference; lastKnownFileType = sourcecode.c.h; path = AppDelegate.h; sourceTree = "<group>"; };
		2DBCE8431AAB98EB00303DE1 /* AppDelegate.m */ = {isa = PBXFileReference; lastKnownFileType = sourcecode.c.objc; path = AppDelegate.m; sourceTree = "<group>"; };
		2DBCE8461AAB98EB00303DE1 /* ExerciseRecording.xcdatamodel */ = {isa = PBXFileReference; lastKnownFileType = wrapper.xcdatamodel; path = ExerciseRecording.xcdatamodel; sourceTree = "<group>"; };
		2DBCE8481AAB98EB00303DE1 /* EventViewController.h */ = {isa = PBXFileReference; lastKnownFileType = sourcecode.c.h; name = EventViewController.h; path = ExerciseRecording/EventViewController.h; sourceTree = "<group>"; };
		2DBCE8491AAB98EB00303DE1 /* EventViewController.m */ = {isa = PBXFileReference; lastKnownFileType = sourcecode.c.objc; name = EventViewController.m; path = ExerciseRecording/EventViewController.m; sourceTree = "<group>"; };
		2DBCE84C1AAB98EB00303DE1 /* Base */ = {isa = PBXFileReference; lastKnownFileType = file.storyboard; name = Base; path = Base.lproj/Main.storyboard; sourceTree = "<group>"; };
		2DBCE84E1AAB98EB00303DE1 /* Images.xcassets */ = {isa = PBXFileReference; lastKnownFileType = folder.assetcatalog; path = Images.xcassets; sourceTree = "<group>"; };
		2DBCE8511AAB98EB00303DE1 /* Base */ = {isa = PBXFileReference; lastKnownFileType = file.xib; name = Base; path = Base.lproj/LaunchScreen.xib; sourceTree = "<group>"; };
		2DBCE8571AAB98EC00303DE1 /* ExerciseRecordingTests.xctest */ = {isa = PBXFileReference; explicitFileType = wrapper.cfbundle; includeInIndex = 0; path = ExerciseRecordingTests.xctest; sourceTree = BUILT_PRODUCTS_DIR; };
		2DBCE85C1AAB98EC00303DE1 /* Info.plist */ = {isa = PBXFileReference; lastKnownFileType = text.plist.xml; path = Info.plist; sourceTree = "<group>"; };
		2DBCE85D1AAB98EC00303DE1 /* ExerciseRecordingTests.m */ = {isa = PBXFileReference; lastKnownFileType = sourcecode.c.objc; path = ExerciseRecordingTests.m; sourceTree = "<group>"; };
		2DBCE8671AACCBF100303DE1 /* ExerciseCategory.plist */ = {isa = PBXFileReference; fileEncoding = 4; lastKnownFileType = text.plist.xml; name = ExerciseCategory.plist; path = ExerciseRecording/ExerciseCategory.plist; sourceTree = "<group>"; };
		2DBCE8761AACDBED00303DE1 /* SetupExerciseInfoViewController.h */ = {isa = PBXFileReference; fileEncoding = 4; lastKnownFileType = sourcecode.c.h; path = SetupExerciseInfoViewController.h; sourceTree = "<group>"; };
		2DBCE8771AACDBED00303DE1 /* SetupExreciseInfoViewController.m */ = {isa = PBXFileReference; fileEncoding = 4; lastKnownFileType = sourcecode.c.objc; path = SetupExreciseInfoViewController.m; sourceTree = "<group>"; };
		2DE2BA221B5E42A30043E887 /* ExerciseRecording 9.xcdatamodel */ = {isa = PBXFileReference; lastKnownFileType = wrapper.xcdatamodel; path = "ExerciseRecording 9.xcdatamodel"; sourceTree = "<group>"; };
		2DF9C0AD1B1333FD002A497E /* ExerciseRecording 8.xcdatamodel */ = {isa = PBXFileReference; lastKnownFileType = wrapper.xcdatamodel; path = "ExerciseRecording 8.xcdatamodel"; sourceTree = "<group>"; };
		2DF9C0B01B134873002A497E /* CreateSheduleViewController.h */ = {isa = PBXFileReference; fileEncoding = 4; lastKnownFileType = sourcecode.c.h; path = CreateSheduleViewController.h; sourceTree = "<group>"; };
		2DF9C0B11B134873002A497E /* CreateSheduleViewController.m */ = {isa = PBXFileReference; fileEncoding = 4; lastKnownFileType = sourcecode.c.objc; path = CreateSheduleViewController.m; sourceTree = "<group>"; };
		2DF9C0B31B13B54E002A497E /* DayCollectionViewCell.h */ = {isa = PBXFileReference; fileEncoding = 4; lastKnownFileType = sourcecode.c.h; path = DayCollectionViewCell.h; sourceTree = "<group>"; };
		2DF9C0B41B13B54E002A497E /* DayCollectionViewCell.m */ = {isa = PBXFileReference; fileEncoding = 4; lastKnownFileType = sourcecode.c.objc; path = DayCollectionViewCell.m; sourceTree = "<group>"; };
		2DF9C0B91B13B931002A497E /* ScheduleHeaderCollectionReusableView.h */ = {isa = PBXFileReference; fileEncoding = 4; lastKnownFileType = sourcecode.c.h; path = ScheduleHeaderCollectionReusableView.h; sourceTree = "<group>"; };
		2DF9C0BA1B13B931002A497E /* ScheduleHeaderCollectionReusableView.m */ = {isa = PBXFileReference; fileEncoding = 4; lastKnownFileType = sourcecode.c.objc; path = ScheduleHeaderCollectionReusableView.m; sourceTree = "<group>"; };
		2DF9C0BC1B1475F2002A497E /* ScheduleDayEventsViewController.h */ = {isa = PBXFileReference; fileEncoding = 4; lastKnownFileType = sourcecode.c.h; path = ScheduleDayEventsViewController.h; sourceTree = "<group>"; };
		2DF9C0BD1B1475F2002A497E /* ScheduleDayEventsViewController.m */ = {isa = PBXFileReference; fileEncoding = 4; lastKnownFileType = sourcecode.c.objc; path = ScheduleDayEventsViewController.m; sourceTree = "<group>"; };
		2DF9C0CB1B15215A002A497E /* ScheduledEventInfo.h */ = {isa = PBXFileReference; fileEncoding = 4; lastKnownFileType = sourcecode.c.h; path = ScheduledEventInfo.h; sourceTree = "<group>"; };
		2DF9C0CC1B15215A002A497E /* ScheduledEventInfo.m */ = {isa = PBXFileReference; fileEncoding = 4; lastKnownFileType = sourcecode.c.objc; path = ScheduledEventInfo.m; sourceTree = "<group>"; };
		2DF9C0D11B152B1A002A497E /* Schedule.h */ = {isa = PBXFileReference; fileEncoding = 4; lastKnownFileType = sourcecode.c.h; path = Schedule.h; sourceTree = "<group>"; };
		2DF9C0D21B152B1A002A497E /* Schedule.m */ = {isa = PBXFileReference; fileEncoding = 4; lastKnownFileType = sourcecode.c.objc; path = Schedule.m; sourceTree = "<group>"; };
		2DF9C0D71B166EA2002A497E /* ScheduleDaySectionHeaderCell.h */ = {isa = PBXFileReference; fileEncoding = 4; lastKnownFileType = sourcecode.c.h; path = ScheduleDaySectionHeaderCell.h; sourceTree = "<group>"; };
		2DF9C0D81B166EA2002A497E /* ScheduleDaySectionHeaderCell.m */ = {isa = PBXFileReference; fileEncoding = 4; lastKnownFileType = sourcecode.c.objc; path = ScheduleDaySectionHeaderCell.m; sourceTree = "<group>"; };
		2DF9C0DD1B1DAE65002A497E /* DefaultAerobic.h */ = {isa = PBXFileReference; fileEncoding = 4; lastKnownFileType = sourcecode.c.h; path = DefaultAerobic.h; sourceTree = "<group>"; };
		2DF9C0DE1B1DAE65002A497E /* DefaultAerobic.m */ = {isa = PBXFileReference; fileEncoding = 4; lastKnownFileType = sourcecode.c.objc; path = DefaultAerobic.m; sourceTree = "<group>"; };
		2DF9C0E01B1DAE66002A497E /* DefaultWeightLifting.h */ = {isa = PBXFileReference; fileEncoding = 4; lastKnownFileType = sourcecode.c.h; path = DefaultWeightLifting.h; sourceTree = "<group>"; };
		2DF9C0E11B1DAE66002A497E /* DefaultWeightLifting.m */ = {isa = PBXFileReference; fileEncoding = 4; lastKnownFileType = sourcecode.c.objc; path = DefaultWeightLifting.m; sourceTree = "<group>"; };
		2DF9C0E31B1E482A002A497E /* ScheduledEvent.h */ = {isa = PBXFileReference; fileEncoding = 4; lastKnownFileType = sourcecode.c.h; path = ScheduledEvent.h; sourceTree = "<group>"; };
		2DF9C0E41B1E482A002A497E /* ScheduledEvent.m */ = {isa = PBXFileReference; fileEncoding = 4; lastKnownFileType = sourcecode.c.objc; path = ScheduledEvent.m; sourceTree = "<group>"; };
		2DFD82131ADF33C000BD9D86 /* ExerciseSelection.plist */ = {isa = PBXFileReference; fileEncoding = 4; lastKnownFileType = text.plist.xml; name = ExerciseSelection.plist; path = ExerciseRecording/ExerciseSelection.plist; sourceTree = "<group>"; };
		2DFD82151ADF37DD00BD9D86 /* SelectEventToAddTableViewController.h */ = {isa = PBXFileReference; fileEncoding = 4; lastKnownFileType = sourcecode.c.h; path = SelectEventToAddTableViewController.h; sourceTree = "<group>"; };
		2DFD82161ADF37DD00BD9D86 /* SelectEventToAddTableViewController.m */ = {isa = PBXFileReference; fileEncoding = 4; lastKnownFileType = sourcecode.c.objc; path = SelectEventToAddTableViewController.m; sourceTree = "<group>"; };
		2DFD821F1AE085C800BD9D86 /* Support.h */ = {isa = PBXFileReference; lastKnownFileType = sourcecode.c.h; path = Support.h; sourceTree = "<group>"; };
/* End PBXFileReference section */

/* Begin PBXFrameworksBuildPhase section */
		2DBCE8381AAB98EB00303DE1 /* Frameworks */ = {
			isa = PBXFrameworksBuildPhase;
			buildActionMask = 2147483647;
			files = (
				2DB6F45A1AEFD35000FCE207 /* Accelerate.framework in Frameworks */,
				2DB6F4421AEFA01100FCE207 /* QuartzCore.framework in Frameworks */,
				2D4578951B3EA57400585C11 /* libCorePlot-CocoaTouch.a in Frameworks */,
			);
			runOnlyForDeploymentPostprocessing = 0;
		};
		2DBCE8541AAB98EC00303DE1 /* Frameworks */ = {
			isa = PBXFrameworksBuildPhase;
			buildActionMask = 2147483647;
			files = (
			);
			runOnlyForDeploymentPostprocessing = 0;
		};
/* End PBXFrameworksBuildPhase section */

/* Begin PBXGroup section */
		2D45788C1B3EA55C00585C11 /* Products */ = {
			isa = PBXGroup;
			children = (
				2D4578921B3EA55C00585C11 /* libCorePlot-CocoaTouch.a */,
			);
			name = Products;
			sourceTree = "<group>";
		};
		2D7D7C051ABDC13D0069E888 /* Utilities */ = {
			isa = PBXGroup;
			children = (
			);
			name = Utilities;
			sourceTree = "<group>";
		};
		2DB6F4431AEFCC7F00FCE207 /* CorePlot */ = {
			isa = PBXGroup;
			children = (
				2D45788B1B3EA55C00585C11 /* CorePlot-CocoaTouch.xcodeproj */,
			);
			name = CorePlot;
			sourceTree = "<group>";
		};
		2DBCE8321AAB98EB00303DE1 = {
			isa = PBXGroup;
			children = (
				2DBCE84B1AAB98EB00303DE1 /* Main.storyboard */,
				2DBCE83D1AAB98EB00303DE1 /* ExerciseRecording */,
				2DFD82181ADF38D700BD9D86 /* TableViews */,
				2DBCE8731AACDB3000303DE1 /* ControllerFiles */,
				2DBCE8721AACDAEB00303DE1 /* DataFiles */,
				2DB6F4431AEFCC7F00FCE207 /* CorePlot */,
				2D7D7C051ABDC13D0069E888 /* Utilities */,
				2DBCE85A1AAB98EC00303DE1 /* ExerciseRecordingTests */,
				2DBCE83C1AAB98EB00303DE1 /* Products */,
				2DB6F4591AEFD35000FCE207 /* Accelerate.framework */,
				2DB6F4411AEFA01100FCE207 /* QuartzCore.framework */,
			);
			sourceTree = "<group>";
		};
		2DBCE83C1AAB98EB00303DE1 /* Products */ = {
			isa = PBXGroup;
			children = (
				2DBCE83B1AAB98EB00303DE1 /* ExerciseRecording.app */,
				2DBCE8571AAB98EC00303DE1 /* ExerciseRecordingTests.xctest */,
			);
			name = Products;
			sourceTree = "<group>";
		};
		2DBCE83D1AAB98EB00303DE1 /* ExerciseRecording */ = {
			isa = PBXGroup;
			children = (
				2DBCE83E1AAB98EB00303DE1 /* Supporting Files */,
				2DBCE8421AAB98EB00303DE1 /* AppDelegate.h */,
				2DBCE8431AAB98EB00303DE1 /* AppDelegate.m */,
				2DA73A1C1B511D7200596C3E /* MotivationalQuoteInfo.h */,
				2DA73A1D1B511D7200596C3E /* MotivationalQuoteInfo.m */,
				2DF9C0CB1B15215A002A497E /* ScheduledEventInfo.h */,
				2DF9C0CC1B15215A002A497E /* ScheduledEventInfo.m */,
				2DAF3B371B28EB00001DA3DE /* ScheduleStatus.h */,
				2DAF3B381B28EB00001DA3DE /* ScheduleStatus.m */,
				2DB93FEF1AF151160062AB0D /* SelectedEvent.h */,
				2DB93FF01AF151160062AB0D /* SelectedEvent.m */,
				2DFD821F1AE085C800BD9D86 /* Support.h */,
				2DAF3B401B2E199B001DA3DE /* Utilities.h */,
				2DAF3B411B2E199B001DA3DE /* Utilities.m */,
			);
			path = ExerciseRecording;
			sourceTree = "<group>";
		};
		2DBCE83E1AAB98EB00303DE1 /* Supporting Files */ = {
			isa = PBXGroup;
			children = (
				2DBCE83F1AAB98EB00303DE1 /* Info.plist */,
				2DBCE8401AAB98EB00303DE1 /* main.m */,
				2DBCE8501AAB98EB00303DE1 /* LaunchScreen.xib */,
				2DBCE84E1AAB98EB00303DE1 /* Images.xcassets */,
			);
			name = "Supporting Files";
			sourceTree = "<group>";
		};
		2DBCE85A1AAB98EC00303DE1 /* ExerciseRecordingTests */ = {
			isa = PBXGroup;
			children = (
				2DBCE85D1AAB98EC00303DE1 /* ExerciseRecordingTests.m */,
				2DBCE85B1AAB98EC00303DE1 /* Supporting Files */,
			);
			path = ExerciseRecordingTests;
			sourceTree = "<group>";
		};
		2DBCE85B1AAB98EC00303DE1 /* Supporting Files */ = {
			isa = PBXGroup;
			children = (
				2DBCE85C1AAB98EC00303DE1 /* Info.plist */,
			);
			name = "Supporting Files";
			sourceTree = "<group>";
		};
		2DBCE8721AACDAEB00303DE1 /* DataFiles */ = {
			isa = PBXGroup;
			children = (
				2D7D7C651AC69CC20069E888 /* CoreDataHelper.h */,
				2D7D7C631AC69CA60069E888 /* CoreDataHelper.m */,
				2DA73A191B511C2F00596C3E /* MotivationalQuoteHelper.h */,
				2DA73A1A1B511C2F00596C3E /* MotivationalQuoteHelper.m */,
				2DAF3B3D1B2D702C001DA3DE /* ScheduleStatusFileHelper.h */,
				2DAF3B3E1B2D702C001DA3DE /* ScheduleStatusFileHelper.m */,
				2DBCE8671AACCBF100303DE1 /* ExerciseCategory.plist */,
				2DFD82131ADF33C000BD9D86 /* ExerciseSelection.plist */,
				2DA73A1F1B5286E700596C3E /* Quotes.plist */,
				2DBCE8451AAB98EB00303DE1 /* ExerciseRecording.xcdatamodeld */,
				2D7D7C601AC4D9A80069E888 /* AerobicEvent.h */,
				2D7D7C611AC4D9A80069E888 /* AerobicEvent.m */,
				2DF9C0E01B1DAE66002A497E /* DefaultWeightLifting.h */,
				2DF9C0E11B1DAE66002A497E /* DefaultWeightLifting.m */,
				2DF9C0DD1B1DAE65002A497E /* DefaultAerobic.h */,
				2DF9C0DE1B1DAE65002A497E /* DefaultAerobic.m */,
				2DF9C0D11B152B1A002A497E /* Schedule.h */,
				2DF9C0D21B152B1A002A497E /* Schedule.m */,
				2DF9C0E31B1E482A002A497E /* ScheduledEvent.h */,
				2DF9C0E41B1E482A002A497E /* ScheduledEvent.m */,
				2D7D7C691AC720CB0069E888 /* WeightLiftingEvent.h */,
				2D7D7C6A1AC720CB0069E888 /* WeightLiftingEvent.m */,
			);
			name = DataFiles;
			sourceTree = "<group>";
		};
		2DBCE8731AACDB3000303DE1 /* ControllerFiles */ = {
			isa = PBXGroup;
			children = (
				2DB6F42C1AEAADCA00FCE207 /* AbstractEventDataViewController.h */,
				2DB6F42D1AEAADCA00FCE207 /* AbstractEventDataViewController.m */,
				2DAF3B3A1B2AD724001DA3DE /* AbstractScheduleEventViewController.h */,
				2DAF3B3B1B2AD724001DA3DE /* AbstractScheduleEventViewController.m */,
				2D7D7C301AC0C5950069E888 /* AddEventDataViewController.h */,
				2D7D7C311AC0C5950069E888 /* AddEventDataViewController.m */,
				2DF9C0B01B134873002A497E /* CreateSheduleViewController.h */,
				2DF9C0B11B134873002A497E /* CreateSheduleViewController.m */,
				2DB6F43B1AEE50C700FCE207 /* EditEventViewController.h */,
				2DB6F43C1AEE50C700FCE207 /* EditEventViewController.m */,
				2DBCE8481AAB98EB00303DE1 /* EventViewController.h */,
				2DBCE8491AAB98EB00303DE1 /* EventViewController.m */,
				2DB93FF81AF383E40062AB0D /* EventHistoryViewController.h */,
				2DB93FF91AF383E40062AB0D /* EventHistoryViewController.m */,
				2DB93FF21AF23AC20062AB0D /* EventHistoryPlotViewController.h */,
				2DB93FF31AF23AC20062AB0D /* EventHistoryPlotViewController.m */,
				2DBCE8761AACDBED00303DE1 /* SetupExerciseInfoViewController.h */,
				2DBCE8771AACDBED00303DE1 /* SetupExreciseInfoViewController.m */,
				2DF9C0BC1B1475F2002A497E /* ScheduleDayEventsViewController.h */,
				2DF9C0BD1B1475F2002A497E /* ScheduleDayEventsViewController.m */,
				2D0C18371B2664CD00ADB022 /* WorkoutViewController.h */,
				2D0C18381B2664CD00ADB022 /* WorkoutViewController.m */,
				2DAF3B311B278A6D001DA3DE /* WorkoutScheduledEventViewController.h */,
				2DAF3B321B278A6D001DA3DE /* WorkoutScheduledEventViewController.m */,
			);
			name = ControllerFiles;
			sourceTree = "<group>";
		};
		2DFD82181ADF38D700BD9D86 /* TableViews */ = {
			isa = PBXGroup;
			children = (
				2DB93FE81AF0FE400062AB0D /* AbstractEventDataTableViewController.h */,
				2DB93FE91AF0FE400062AB0D /* AbstractEventDataTableViewController.m */,
				2DB6F41D1AE9075600FCE207 /* EditEventTableViewController.h */,
				2DB6F41E1AE9075600FCE207 /* EditEventTableViewController.m */,
				2DB6F4201AE9C3B000FCE207 /* EditSelectedEventTableViewController.h */,
				2DB6F4211AE9C3B000FCE207 /* EditSelectedEventTableViewController.m */,
				2DB93FEB1AF116140062AB0D /* HistoryEventSelectTableViewController.h */,
				2DB93FEC1AF116140062AB0D /* HistoryEventSelectTableViewController.m */,
				2DAF3B341B278BC7001DA3DE /* NewScheduledWorkoutTableViewController.h */,
				2DAF3B351B278BC7001DA3DE /* NewScheduledWorkoutTableViewController.m */,
				2DFD82151ADF37DD00BD9D86 /* SelectEventToAddTableViewController.h */,
				2DFD82161ADF37DD00BD9D86 /* SelectEventToAddTableViewController.m */,
				2DFD82191ADF398F00BD9D86 /* TableCells */,
			);
			name = TableViews;
			sourceTree = "<group>";
		};
		2DFD82191ADF398F00BD9D86 /* TableCells */ = {
			isa = PBXGroup;
			children = (
				2DB6F42F1AEBDD1000FCE207 /* EditEventTableViewCell.h */,
				2DB6F4301AEBDD1000FCE207 /* EditEventTableViewCell.m */,
				2DB93FFB1AF6AAE80062AB0D /* EventTableViewCell.h */,
				2DB93FFC1AF6AAE90062AB0D /* EventTableViewCell.m */,
				2DB93FFF1AF844FA0062AB0D /* EventDataSectionHeaderCell.h */,
				2DB940001AF844FA0062AB0D /* EventDataSectionHeaderCell.m */,
				2DF9C0B31B13B54E002A497E /* DayCollectionViewCell.h */,
				2DF9C0B41B13B54E002A497E /* DayCollectionViewCell.m */,
				2DF9C0B91B13B931002A497E /* ScheduleHeaderCollectionReusableView.h */,
				2DF9C0BA1B13B931002A497E /* ScheduleHeaderCollectionReusableView.m */,
				2DF9C0D71B166EA2002A497E /* ScheduleDaySectionHeaderCell.h */,
				2DF9C0D81B166EA2002A497E /* ScheduleDaySectionHeaderCell.m */,
			);
			name = TableCells;
			sourceTree = "<group>";
		};
/* End PBXGroup section */

/* Begin PBXNativeTarget section */
		2DBCE83A1AAB98EB00303DE1 /* ExerciseRecording */ = {
			isa = PBXNativeTarget;
			buildConfigurationList = 2DBCE8611AAB98EC00303DE1 /* Build configuration list for PBXNativeTarget "ExerciseRecording" */;
			buildPhases = (
				2DBCE8371AAB98EB00303DE1 /* Sources */,
				2DBCE8381AAB98EB00303DE1 /* Frameworks */,
				2DBCE8391AAB98EB00303DE1 /* Resources */,
				2DF9C0A21B0B3C48002A497E /* ShellScript */,
			);
			buildRules = (
			);
			dependencies = (
				2D4578941B3EA56900585C11 /* PBXTargetDependency */,
			);
			name = ExerciseRecording;
			productName = ExerciseRecording;
			productReference = 2DBCE83B1AAB98EB00303DE1 /* ExerciseRecording.app */;
			productType = "com.apple.product-type.application";
		};
		2DBCE8561AAB98EC00303DE1 /* ExerciseRecordingTests */ = {
			isa = PBXNativeTarget;
			buildConfigurationList = 2DBCE8641AAB98EC00303DE1 /* Build configuration list for PBXNativeTarget "ExerciseRecordingTests" */;
			buildPhases = (
				2DBCE8531AAB98EC00303DE1 /* Sources */,
				2DBCE8541AAB98EC00303DE1 /* Frameworks */,
				2DBCE8551AAB98EC00303DE1 /* Resources */,
			);
			buildRules = (
			);
			dependencies = (
				2DBCE8591AAB98EC00303DE1 /* PBXTargetDependency */,
			);
			name = ExerciseRecordingTests;
			productName = ExerciseRecordingTests;
			productReference = 2DBCE8571AAB98EC00303DE1 /* ExerciseRecordingTests.xctest */;
			productType = "com.apple.product-type.bundle.unit-test";
		};
/* End PBXNativeTarget section */

/* Begin PBXProject section */
		2DBCE8331AAB98EB00303DE1 /* Project object */ = {
			isa = PBXProject;
			attributes = {
				LastUpgradeCheck = 0610;
				ORGANIZATIONNAME = "Douglas Alexander";
				TargetAttributes = {
					2DBCE83A1AAB98EB00303DE1 = {
						CreatedOnToolsVersion = 6.1.1;
						DevelopmentTeam = V6969S7D62;
					};
					2DBCE8561AAB98EC00303DE1 = {
						CreatedOnToolsVersion = 6.1.1;
						TestTargetID = 2DBCE83A1AAB98EB00303DE1;
					};
				};
			};
			buildConfigurationList = 2DBCE8361AAB98EB00303DE1 /* Build configuration list for PBXProject "ExerciseRecording" */;
			compatibilityVersion = "Xcode 3.2";
			developmentRegion = English;
			hasScannedForEncodings = 0;
			knownRegions = (
				en,
				Base,
			);
			mainGroup = 2DBCE8321AAB98EB00303DE1;
			productRefGroup = 2DBCE83C1AAB98EB00303DE1 /* Products */;
			projectDirPath = "";
			projectReferences = (
				{
					ProductGroup = 2D45788C1B3EA55C00585C11 /* Products */;
					ProjectRef = 2D45788B1B3EA55C00585C11 /* CorePlot-CocoaTouch.xcodeproj */;
				},
			);
			projectRoot = "";
			targets = (
				2DBCE83A1AAB98EB00303DE1 /* ExerciseRecording */,
				2DBCE8561AAB98EC00303DE1 /* ExerciseRecordingTests */,
			);
		};
/* End PBXProject section */

/* Begin PBXReferenceProxy section */
		2D4578921B3EA55C00585C11 /* libCorePlot-CocoaTouch.a */ = {
			isa = PBXReferenceProxy;
			fileType = archive.ar;
			path = "libCorePlot-CocoaTouch.a";
			remoteRef = 2D4578911B3EA55C00585C11 /* PBXContainerItemProxy */;
			sourceTree = BUILT_PRODUCTS_DIR;
		};
/* End PBXReferenceProxy section */

/* Begin PBXResourcesBuildPhase section */
		2DBCE8391AAB98EB00303DE1 /* Resources */ = {
			isa = PBXResourcesBuildPhase;
			buildActionMask = 2147483647;
			files = (
				2DBCE84D1AAB98EB00303DE1 /* Main.storyboard in Resources */,
				2DA73A201B5286E700596C3E /* Quotes.plist in Resources */,
				2DBCE8521AAB98EB00303DE1 /* LaunchScreen.xib in Resources */,
				2DBCE8681AACCBF100303DE1 /* ExerciseCategory.plist in Resources */,
				2DFD82141ADF33C000BD9D86 /* ExerciseSelection.plist in Resources */,
				2DBCE84F1AAB98EB00303DE1 /* Images.xcassets in Resources */,
			);
			runOnlyForDeploymentPostprocessing = 0;
		};
		2DBCE8551AAB98EC00303DE1 /* Resources */ = {
			isa = PBXResourcesBuildPhase;
			buildActionMask = 2147483647;
			files = (
			);
			runOnlyForDeploymentPostprocessing = 0;
		};
/* End PBXResourcesBuildPhase section */

/* Begin PBXShellScriptBuildPhase section */
		2DF9C0A21B0B3C48002A497E /* ShellScript */ = {
			isa = PBXShellScriptBuildPhase;
			buildActionMask = 2147483647;
			files = (
			);
			inputPaths = (
			);
			outputPaths = (
			);
			runOnlyForDeploymentPostprocessing = 0;
			shellPath = /bin/sh;
			shellScript = "";
		};
/* End PBXShellScriptBuildPhase section */

/* Begin PBXSourcesBuildPhase section */
		2DBCE8371AAB98EB00303DE1 /* Sources */ = {
			isa = PBXSourcesBuildPhase;
			buildActionMask = 2147483647;
			files = (
				2D0C18391B2664CD00ADB022 /* WorkoutViewController.m in Sources */,
				2D7D7C641AC69CA60069E888 /* CoreDataHelper.m in Sources */,
				2DF9C0BB1B13B931002A497E /* ScheduleHeaderCollectionReusableView.m in Sources */,
				2DF9C0DF1B1DAE65002A497E /* DefaultAerobic.m in Sources */,
				2DBCE8441AAB98EB00303DE1 /* AppDelegate.m in Sources */,
				2DB6F42E1AEAADCA00FCE207 /* AbstractEventDataViewController.m in Sources */,
				2DB940011AF844FA0062AB0D /* EventDataSectionHeaderCell.m in Sources */,
				2DB6F4311AEBDD1000FCE207 /* EditEventTableViewCell.m in Sources */,
				2DB93FFD1AF6AAE90062AB0D /* EventTableViewCell.m in Sources */,
				2DB6F41F1AE9075600FCE207 /* EditEventTableViewController.m in Sources */,
				2DAF3B391B28EB00001DA3DE /* ScheduleStatus.m in Sources */,
				2DB6F43D1AEE50C700FCE207 /* EditEventViewController.m in Sources */,
				2DAF3B3C1B2AD724001DA3DE /* AbstractScheduleEventViewController.m in Sources */,
				2DB93FFA1AF383E40062AB0D /* EventHistoryViewController.m in Sources */,
				2DB93FF11AF151160062AB0D /* SelectedEvent.m in Sources */,
				2DA73A1E1B511D7200596C3E /* MotivationalQuoteInfo.m in Sources */,
				2DB93FF41AF23AC20062AB0D /* EventHistoryPlotViewController.m in Sources */,
				2DA73A1B1B511C2F00596C3E /* MotivationalQuoteHelper.m in Sources */,
				2DBCE8471AAB98EB00303DE1 /* ExerciseRecording.xcdatamodeld in Sources */,
				2DF9C0BE1B1475F2002A497E /* ScheduleDayEventsViewController.m in Sources */,
				2DAF3B421B2E199B001DA3DE /* Utilities.m in Sources */,
				2DB6F4221AE9C3B000FCE207 /* EditSelectedEventTableViewController.m in Sources */,
				2DAF3B3F1B2D702C001DA3DE /* ScheduleStatusFileHelper.m in Sources */,
				2DF9C0D31B152B1A002A497E /* Schedule.m in Sources */,
				2D7D7C6B1AC720CB0069E888 /* WeightLiftingEvent.m in Sources */,
				2DBCE8781AACDBED00303DE1 /* SetupExreciseInfoViewController.m in Sources */,
				2DB93FEA1AF0FE400062AB0D /* AbstractEventDataTableViewController.m in Sources */,
				2DF9C0B51B13B54E002A497E /* DayCollectionViewCell.m in Sources */,
				2DF9C0B21B134873002A497E /* CreateSheduleViewController.m in Sources */,
				2D7D7C321AC0C5950069E888 /* AddEventDataViewController.m in Sources */,
				2DBCE84A1AAB98EB00303DE1 /* EventViewController.m in Sources */,
				2D7D7C621AC4D9A80069E888 /* AerobicEvent.m in Sources */,
				2DB93FED1AF116140062AB0D /* HistoryEventSelectTableViewController.m in Sources */,
				2DAF3B361B278BC7001DA3DE /* NewScheduledWorkoutTableViewController.m in Sources */,
				2DF9C0D91B166EA2002A497E /* ScheduleDaySectionHeaderCell.m in Sources */,
				2DBCE8411AAB98EB00303DE1 /* main.m in Sources */,
				2DF9C0CD1B15215A002A497E /* ScheduledEventInfo.m in Sources */,
				2DAF3B331B278A6D001DA3DE /* WorkoutScheduledEventViewController.m in Sources */,
				2DFD82171ADF37DD00BD9D86 /* SelectEventToAddTableViewController.m in Sources */,
				2DF9C0E21B1DAE66002A497E /* DefaultWeightLifting.m in Sources */,
				2DF9C0E51B1E482A002A497E /* ScheduledEvent.m in Sources */,
			);
			runOnlyForDeploymentPostprocessing = 0;
		};
		2DBCE8531AAB98EC00303DE1 /* Sources */ = {
			isa = PBXSourcesBuildPhase;
			buildActionMask = 2147483647;
			files = (
				2DBCE85E1AAB98EC00303DE1 /* ExerciseRecordingTests.m in Sources */,
			);
			runOnlyForDeploymentPostprocessing = 0;
		};
/* End PBXSourcesBuildPhase section */

/* Begin PBXTargetDependency section */
		2D4578941B3EA56900585C11 /* PBXTargetDependency */ = {
			isa = PBXTargetDependency;
			name = "CorePlot-CocoaTouch";
			targetProxy = 2D4578931B3EA56900585C11 /* PBXContainerItemProxy */;
		};
		2DBCE8591AAB98EC00303DE1 /* PBXTargetDependency */ = {
			isa = PBXTargetDependency;
			target = 2DBCE83A1AAB98EB00303DE1 /* ExerciseRecording */;
			targetProxy = 2DBCE8581AAB98EC00303DE1 /* PBXContainerItemProxy */;
		};
/* End PBXTargetDependency section */

/* Begin PBXVariantGroup section */
		2DBCE84B1AAB98EB00303DE1 /* Main.storyboard */ = {
			isa = PBXVariantGroup;
			children = (
				2DBCE84C1AAB98EB00303DE1 /* Base */,
			);
			name = Main.storyboard;
			path = ExerciseRecording;
			sourceTree = "<group>";
		};
		2DBCE8501AAB98EB00303DE1 /* LaunchScreen.xib */ = {
			isa = PBXVariantGroup;
			children = (
				2DBCE8511AAB98EB00303DE1 /* Base */,
			);
			name = LaunchScreen.xib;
			sourceTree = "<group>";
		};
/* End PBXVariantGroup section */

/* Begin XCBuildConfiguration section */
		2DBCE85F1AAB98EC00303DE1 /* Debug */ = {
			isa = XCBuildConfiguration;
			buildSettings = {
				ALWAYS_SEARCH_USER_PATHS = NO;
				CLANG_CXX_LANGUAGE_STANDARD = "gnu++0x";
				CLANG_CXX_LIBRARY = "libc++";
				CLANG_ENABLE_MODULES = YES;
				CLANG_ENABLE_OBJC_ARC = YES;
				CLANG_WARN_BOOL_CONVERSION = YES;
				CLANG_WARN_CONSTANT_CONVERSION = YES;
				CLANG_WARN_DIRECT_OBJC_ISA_USAGE = YES_ERROR;
				CLANG_WARN_EMPTY_BODY = YES;
				CLANG_WARN_ENUM_CONVERSION = YES;
				CLANG_WARN_INT_CONVERSION = YES;
				CLANG_WARN_OBJC_ROOT_CLASS = YES_ERROR;
				CLANG_WARN_UNREACHABLE_CODE = YES;
				CLANG_WARN__DUPLICATE_METHOD_MATCH = YES;
				"CODE_SIGN_IDENTITY[sdk=iphoneos*]" = "iPhone Developer";
				COPY_PHASE_STRIP = NO;
				ENABLE_STRICT_OBJC_MSGSEND = YES;
				GCC_C_LANGUAGE_STANDARD = gnu99;
				GCC_DYNAMIC_NO_PIC = NO;
				GCC_OPTIMIZATION_LEVEL = 0;
				GCC_PREPROCESSOR_DEFINITIONS = (
					"DEBUG=1",
					"$(inherited)",
				);
				GCC_SYMBOLS_PRIVATE_EXTERN = NO;
				GCC_WARN_64_TO_32_BIT_CONVERSION = YES;
				GCC_WARN_ABOUT_RETURN_TYPE = YES_ERROR;
				GCC_WARN_UNDECLARED_SELECTOR = YES;
				GCC_WARN_UNINITIALIZED_AUTOS = YES_AGGRESSIVE;
				GCC_WARN_UNUSED_FUNCTION = YES;
				GCC_WARN_UNUSED_VARIABLE = YES;
				IPHONEOS_DEPLOYMENT_TARGET = 8.1;
				MTL_ENABLE_DEBUG_INFO = YES;
				ONLY_ACTIVE_ARCH = YES;
				SDKROOT = iphoneos;
				TARGETED_DEVICE_FAMILY = "1,2";
			};
			name = Debug;
		};
		2DBCE8601AAB98EC00303DE1 /* Release */ = {
			isa = XCBuildConfiguration;
			buildSettings = {
				ALWAYS_SEARCH_USER_PATHS = NO;
				CLANG_CXX_LANGUAGE_STANDARD = "gnu++0x";
				CLANG_CXX_LIBRARY = "libc++";
				CLANG_ENABLE_MODULES = YES;
				CLANG_ENABLE_OBJC_ARC = YES;
				CLANG_WARN_BOOL_CONVERSION = YES;
				CLANG_WARN_CONSTANT_CONVERSION = YES;
				CLANG_WARN_DIRECT_OBJC_ISA_USAGE = YES_ERROR;
				CLANG_WARN_EMPTY_BODY = YES;
				CLANG_WARN_ENUM_CONVERSION = YES;
				CLANG_WARN_INT_CONVERSION = YES;
				CLANG_WARN_OBJC_ROOT_CLASS = YES_ERROR;
				CLANG_WARN_UNREACHABLE_CODE = YES;
				CLANG_WARN__DUPLICATE_METHOD_MATCH = YES;
				"CODE_SIGN_IDENTITY[sdk=iphoneos*]" = "iPhone Developer";
				COPY_PHASE_STRIP = YES;
				ENABLE_NS_ASSERTIONS = NO;
				ENABLE_STRICT_OBJC_MSGSEND = YES;
				GCC_C_LANGUAGE_STANDARD = gnu99;
				GCC_WARN_64_TO_32_BIT_CONVERSION = YES;
				GCC_WARN_ABOUT_RETURN_TYPE = YES_ERROR;
				GCC_WARN_UNDECLARED_SELECTOR = YES;
				GCC_WARN_UNINITIALIZED_AUTOS = YES_AGGRESSIVE;
				GCC_WARN_UNUSED_FUNCTION = YES;
				GCC_WARN_UNUSED_VARIABLE = YES;
				IPHONEOS_DEPLOYMENT_TARGET = 8.1;
				MTL_ENABLE_DEBUG_INFO = NO;
				SDKROOT = iphoneos;
				TARGETED_DEVICE_FAMILY = "1,2";
				VALIDATE_PRODUCT = YES;
			};
			name = Release;
		};
		2DBCE8621AAB98EC00303DE1 /* Debug */ = {
			isa = XCBuildConfiguration;
			buildSettings = {
				ALWAYS_SEARCH_USER_PATHS = NO;
				ASSETCATALOG_COMPILER_APPICON_NAME = AppIcon;
				ASSETCATALOG_COMPILER_LAUNCHIMAGE_NAME = LaunchImage;
				CODE_SIGN_IDENTITY = "iPhone Developer";
				ENABLE_BITCODE = NO;
				FRAMEWORK_SEARCH_PATHS = (
					"$(inherited)",
					"$(PROJECT_DIR)/ExerciseRecording",
				);
				HEADER_SEARCH_PATHS = (
					"$(inherited)",
					/Applications/Xcode.app/Contents/Developer/Toolchains/XcodeDefault.xctoolchain/usr/include,
					"$(SRCROOT)/../core-plot-master/**",
					"$(SCRROOT)/../unirest-obj-c-master/**",
				);
				INFOPLIST_FILE = ExerciseRecording/Info.plist;
				IPHONEOS_DEPLOYMENT_TARGET = 8.3;
				LD_RUNPATH_SEARCH_PATHS = "$(inherited) @executable_path/Frameworks";
				OTHER_LDFLAGS = "-ObjC";
				PRODUCT_NAME = "$(TARGET_NAME)";
				TARGETED_DEVICE_FAMILY = 1;
			};
			name = Debug;
		};
		2DBCE8631AAB98EC00303DE1 /* Release */ = {
			isa = XCBuildConfiguration;
			buildSettings = {
				ALWAYS_SEARCH_USER_PATHS = NO;
				ASSETCATALOG_COMPILER_APPICON_NAME = AppIcon;
				ASSETCATALOG_COMPILER_LAUNCHIMAGE_NAME = LaunchImage;
				CODE_SIGN_IDENTITY = "iPhone Developer";
				ENABLE_BITCODE = NO;
				FRAMEWORK_SEARCH_PATHS = (
					"$(inherited)",
					"$(PROJECT_DIR)/ExerciseRecording",
				);
				HEADER_SEARCH_PATHS = (
					"$(inherited)",
					/Applications/Xcode.app/Contents/Developer/Toolchains/XcodeDefault.xctoolchain/usr/include,
					"$(SRCROOT)/../core-plot-master/**",
					"$(SCRROOT)/../unirest-obj-c-master/**",
				);
				INFOPLIST_FILE = ExerciseRecording/Info.plist;
				IPHONEOS_DEPLOYMENT_TARGET = 8.3;
				LD_RUNPATH_SEARCH_PATHS = "$(inherited) @executable_path/Frameworks";
				OTHER_LDFLAGS = "-ObjC";
				PRODUCT_NAME = "$(TARGET_NAME)";
				TARGETED_DEVICE_FAMILY = 1;
			};
			name = Release;
		};
		2DBCE8651AAB98EC00303DE1 /* Debug */ = {
			isa = XCBuildConfiguration;
			buildSettings = {
				BUNDLE_LOADER = "$(TEST_HOST)";
				FRAMEWORK_SEARCH_PATHS = (
					"$(SDKROOT)/Developer/Library/Frameworks",
					"$(inherited)",
				);
				GCC_PREPROCESSOR_DEFINITIONS = (
					"DEBUG=1",
					"$(inherited)",
				);
				INFOPLIST_FILE = ExerciseRecordingTests/Info.plist;
				LD_RUNPATH_SEARCH_PATHS = "$(inherited) @executable_path/Frameworks @loader_path/Frameworks";
				PRODUCT_NAME = "$(TARGET_NAME)";
				TEST_HOST = "$(BUILT_PRODUCTS_DIR)/ExerciseRecording.app/ExerciseRecording";
			};
			name = Debug;
		};
		2DBCE8661AAB98EC00303DE1 /* Release */ = {
			isa = XCBuildConfiguration;
			buildSettings = {
				BUNDLE_LOADER = "$(TEST_HOST)";
				FRAMEWORK_SEARCH_PATHS = (
					"$(SDKROOT)/Developer/Library/Frameworks",
					"$(inherited)",
				);
				INFOPLIST_FILE = ExerciseRecordingTests/Info.plist;
				LD_RUNPATH_SEARCH_PATHS = "$(inherited) @executable_path/Frameworks @loader_path/Frameworks";
				PRODUCT_NAME = "$(TARGET_NAME)";
				TEST_HOST = "$(BUILT_PRODUCTS_DIR)/ExerciseRecording.app/ExerciseRecording";
			};
			name = Release;
		};
/* End XCBuildConfiguration section */

/* Begin XCConfigurationList section */
		2DBCE8361AAB98EB00303DE1 /* Build configuration list for PBXProject "ExerciseRecording" */ = {
			isa = XCConfigurationList;
			buildConfigurations = (
				2DBCE85F1AAB98EC00303DE1 /* Debug */,
				2DBCE8601AAB98EC00303DE1 /* Release */,
			);
			defaultConfigurationIsVisible = 0;
			defaultConfigurationName = Release;
		};
		2DBCE8611AAB98EC00303DE1 /* Build configuration list for PBXNativeTarget "ExerciseRecording" */ = {
			isa = XCConfigurationList;
			buildConfigurations = (
				2DBCE8621AAB98EC00303DE1 /* Debug */,
				2DBCE8631AAB98EC00303DE1 /* Release */,
			);
			defaultConfigurationIsVisible = 0;
			defaultConfigurationName = Release;
		};
		2DBCE8641AAB98EC00303DE1 /* Build configuration list for PBXNativeTarget "ExerciseRecordingTests" */ = {
			isa = XCConfigurationList;
			buildConfigurations = (
				2DBCE8651AAB98EC00303DE1 /* Debug */,
				2DBCE8661AAB98EC00303DE1 /* Release */,
			);
			defaultConfigurationIsVisible = 0;
			defaultConfigurationName = Release;
		};
/* End XCConfigurationList section */

/* Begin XCVersionGroup section */
		2DBCE8451AAB98EB00303DE1 /* ExerciseRecording.xcdatamodeld */ = {
			isa = XCVersionGroup;
			children = (
				2D0A07E81B75E72400F20112 /* ExerciseRecording 10.xcdatamodel */,
				2DE2BA221B5E42A30043E887 /* ExerciseRecording 9.xcdatamodel */,
				2DF9C0AD1B1333FD002A497E /* ExerciseRecording 8.xcdatamodel */,
				2DB940061AFA07320062AB0D /* ExerciseRecording 3.xcdatamodel */,
				2DB940071AFA07DE0062AB0D /* ExerciseRecording 4.xcdatamodel */,
				2DB940081AFAC6370062AB0D /* ExerciseRecording 5.xcdatamodel */,
				2DA849421AFAD28A0003AB4F /* ExerciseRecording 6.xcdatamodel */,
				2D37EE4D1AFE0A8C00530FA1 /* ExerciseRecording 7.xcdatamodel */,
				2DB93FFE1AF83F860062AB0D /* ExerciseRecording 2.xcdatamodel */,
				2DBCE8461AAB98EB00303DE1 /* ExerciseRecording.xcdatamodel */,
			);
			currentVersion = 2D0A07E81B75E72400F20112 /* ExerciseRecording 10.xcdatamodel */;
			name = ExerciseRecording.xcdatamodeld;
			path = ExerciseRecording/ExerciseRecording.xcdatamodeld;
			sourceTree = "<group>";
			versionGroupType = wrapper.xcdatamodel;
		};
/* End XCVersionGroup section */
	};
	rootObject = 2DBCE8331AAB98EB00303DE1 /* Project object */;
}
