// !$*UTF8*$!
{
	archiveVersion = 1;
	classes = {
	};
	objectVersion = 46;
	objects = {

/* Begin PBXBuildFile section */
		2D7D7C0E1ABDCFFD0069E888 /* TPKeyboardAvoidingScrollView.m in Sources */ = {isa = PBXBuildFile; fileRef = 2D7D7C0D1ABDCFFD0069E888 /* TPKeyboardAvoidingScrollView.m */; };
		2D7D7C111ABDD00F0069E888 /* UIScrollView+TPKeyboardAvoidingAdditions.m in Sources */ = {isa = PBXBuildFile; fileRef = 2D7D7C101ABDD00F0069E888 /* UIScrollView+TPKeyboardAvoidingAdditions.m */; };
		2D7D7C141ABECF510069E888 /* AddEventDataTVC.m in Sources */ = {isa = PBXBuildFile; fileRef = 2D7D7C131ABECF510069E888 /* AddEventDataTVC.m */; };
		2D7D7C321AC0C5950069E888 /* AddWeightDataVC.m in Sources */ = {isa = PBXBuildFile; fileRef = 2D7D7C311AC0C5950069E888 /* AddWeightDataVC.m */; };
		2D7D7C501AC21A1F0069E888 /* DefaultAerobic.m in Sources */ = {isa = PBXBuildFile; fileRef = 2D7D7C4F1AC21A1F0069E888 /* DefaultAerobic.m */; };
		2D7D7C5C1AC21C540069E888 /* Add Aerobic VC.m in Sources */ = {isa = PBXBuildFile; fileRef = 2D7D7C5B1AC21C540069E888 /* Add Aerobic VC.m */; };
		2D7D7C621AC4D9A80069E888 /* AerobicEvent.m in Sources */ = {isa = PBXBuildFile; fileRef = 2D7D7C611AC4D9A80069E888 /* AerobicEvent.m */; };
		2D7D7C641AC69CA60069E888 /* CoreDataHelper.m in Sources */ = {isa = PBXBuildFile; fileRef = 2D7D7C631AC69CA60069E888 /* CoreDataHelper.m */; };
		2D7D7C6B1AC720CB0069E888 /* WeightLiftingEvent.m in Sources */ = {isa = PBXBuildFile; fileRef = 2D7D7C6A1AC720CB0069E888 /* WeightLiftingEvent.m */; };
		2D7D7C6E1AC834B30069E888 /* DefaultWeightLifting.m in Sources */ = {isa = PBXBuildFile; fileRef = 2D7D7C6D1AC834B30069E888 /* DefaultWeightLifting.m */; };
		2D7D7C741ACFF2C80069E888 /* WeightEventTVC.m in Sources */ = {isa = PBXBuildFile; fileRef = 2D7D7C731ACFF2C80069E888 /* WeightEventTVC.m */; };
		2DBCE8411AAB98EB00303DE1 /* main.m in Sources */ = {isa = PBXBuildFile; fileRef = 2DBCE8401AAB98EB00303DE1 /* main.m */; };
		2DBCE8441AAB98EB00303DE1 /* AppDelegate.m in Sources */ = {isa = PBXBuildFile; fileRef = 2DBCE8431AAB98EB00303DE1 /* AppDelegate.m */; };
		2DBCE8471AAB98EB00303DE1 /* ExerciseRecording.xcdatamodeld in Sources */ = {isa = PBXBuildFile; fileRef = 2DBCE8451AAB98EB00303DE1 /* ExerciseRecording.xcdatamodeld */; };
		2DBCE84A1AAB98EB00303DE1 /* EventViewController.m in Sources */ = {isa = PBXBuildFile; fileRef = 2DBCE8491AAB98EB00303DE1 /* EventViewController.m */; };
		2DBCE84D1AAB98EB00303DE1 /* Main.storyboard in Resources */ = {isa = PBXBuildFile; fileRef = 2DBCE84B1AAB98EB00303DE1 /* Main.storyboard */; };
		2DBCE84F1AAB98EB00303DE1 /* Images.xcassets in Resources */ = {isa = PBXBuildFile; fileRef = 2DBCE84E1AAB98EB00303DE1 /* Images.xcassets */; };
		2DBCE8521AAB98EB00303DE1 /* LaunchScreen.xib in Resources */ = {isa = PBXBuildFile; fileRef = 2DBCE8501AAB98EB00303DE1 /* LaunchScreen.xib */; };
		2DBCE85E1AAB98EC00303DE1 /* ExerciseRecordingTests.m in Sources */ = {isa = PBXBuildFile; fileRef = 2DBCE85D1AAB98EC00303DE1 /* ExerciseRecordingTests.m */; };
		2DBCE8681AACCBF100303DE1 /* ExerciseCategory.plist in Resources */ = {isa = PBXBuildFile; fileRef = 2DBCE8671AACCBF100303DE1 /* ExerciseCategory.plist */; };
		2DBCE8781AACDBED00303DE1 /* SetupExreciseInfoViewController.m in Sources */ = {isa = PBXBuildFile; fileRef = 2DBCE8771AACDBED00303DE1 /* SetupExreciseInfoViewController.m */; };
		2DFD820F1ADB045A00BD9D86 /* AddWeightDataSectionHeaderCell.m in Sources */ = {isa = PBXBuildFile; fileRef = 2DFD820E1ADB045A00BD9D86 /* AddWeightDataSectionHeaderCell.m */; };
		2DFD82121ADDDB3600BD9D86 /* WeightEventTableCellNoNote.m in Sources */ = {isa = PBXBuildFile; fileRef = 2DFD82111ADDDB3600BD9D86 /* WeightEventTableCellNoNote.m */; };
		2DFD82141ADF33C000BD9D86 /* ExerciseSelection.plist in Resources */ = {isa = PBXBuildFile; fileRef = 2DFD82131ADF33C000BD9D86 /* ExerciseSelection.plist */; };
		2DFD82171ADF37DD00BD9D86 /* SelectEventToAddTableViewController.m in Sources */ = {isa = PBXBuildFile; fileRef = 2DFD82161ADF37DD00BD9D86 /* SelectEventToAddTableViewController.m */; };
		2DFD821E1ADFBD0F00BD9D86 /* DefaultEventSelection.m in Sources */ = {isa = PBXBuildFile; fileRef = 2DFD821D1ADFBD0F00BD9D86 /* DefaultEventSelection.m */; };
/* End PBXBuildFile section */

/* Begin PBXContainerItemProxy section */
		2DBCE8581AAB98EC00303DE1 /* PBXContainerItemProxy */ = {
			isa = PBXContainerItemProxy;
			containerPortal = 2DBCE8331AAB98EB00303DE1 /* Project object */;
			proxyType = 1;
			remoteGlobalIDString = 2DBCE83A1AAB98EB00303DE1;
			remoteInfo = ExerciseRecording;
		};
/* End PBXContainerItemProxy section */

/* Begin PBXFileReference section */
		2D7D7C0C1ABDCFFD0069E888 /* TPKeyboardAvoidingScrollView.h */ = {isa = PBXFileReference; fileEncoding = 4; lastKnownFileType = sourcecode.c.h; path = TPKeyboardAvoidingScrollView.h; sourceTree = "<group>"; };
		2D7D7C0D1ABDCFFD0069E888 /* TPKeyboardAvoidingScrollView.m */ = {isa = PBXFileReference; fileEncoding = 4; lastKnownFileType = sourcecode.c.objc; path = TPKeyboardAvoidingScrollView.m; sourceTree = "<group>"; };
		2D7D7C0F1ABDD00F0069E888 /* UIScrollView+TPKeyboardAvoidingAdditions.h */ = {isa = PBXFileReference; fileEncoding = 4; lastKnownFileType = sourcecode.c.h; path = "UIScrollView+TPKeyboardAvoidingAdditions.h"; sourceTree = "<group>"; };
		2D7D7C101ABDD00F0069E888 /* UIScrollView+TPKeyboardAvoidingAdditions.m */ = {isa = PBXFileReference; fileEncoding = 4; lastKnownFileType = sourcecode.c.objc; path = "UIScrollView+TPKeyboardAvoidingAdditions.m"; sourceTree = "<group>"; };
		2D7D7C121ABECF510069E888 /* AddEventDataTVC.h */ = {isa = PBXFileReference; fileEncoding = 4; lastKnownFileType = sourcecode.c.h; path = AddEventDataTVC.h; sourceTree = "<group>"; };
		2D7D7C131ABECF510069E888 /* AddEventDataTVC.m */ = {isa = PBXFileReference; fileEncoding = 4; lastKnownFileType = sourcecode.c.objc; path = AddEventDataTVC.m; sourceTree = "<group>"; };
		2D7D7C301AC0C5950069E888 /* AddWeightDataVC.h */ = {isa = PBXFileReference; fileEncoding = 4; lastKnownFileType = sourcecode.c.h; path = AddWeightDataVC.h; sourceTree = "<group>"; };
		2D7D7C311AC0C5950069E888 /* AddWeightDataVC.m */ = {isa = PBXFileReference; fileEncoding = 4; lastKnownFileType = sourcecode.c.objc; path = AddWeightDataVC.m; sourceTree = "<group>"; };
		2D7D7C4E1AC21A1F0069E888 /* DefaultAerobic.h */ = {isa = PBXFileReference; fileEncoding = 4; lastKnownFileType = sourcecode.c.h; path = DefaultAerobic.h; sourceTree = "<group>"; };
		2D7D7C4F1AC21A1F0069E888 /* DefaultAerobic.m */ = {isa = PBXFileReference; fileEncoding = 4; lastKnownFileType = sourcecode.c.objc; path = DefaultAerobic.m; sourceTree = "<group>"; };
		2D7D7C5A1AC21C540069E888 /* Add Aerobic VC.h */ = {isa = PBXFileReference; fileEncoding = 4; lastKnownFileType = sourcecode.c.h; path = "Add Aerobic VC.h"; sourceTree = "<group>"; };
		2D7D7C5B1AC21C540069E888 /* Add Aerobic VC.m */ = {isa = PBXFileReference; fileEncoding = 4; lastKnownFileType = sourcecode.c.objc; path = "Add Aerobic VC.m"; sourceTree = "<group>"; };
		2D7D7C601AC4D9A80069E888 /* AerobicEvent.h */ = {isa = PBXFileReference; fileEncoding = 4; lastKnownFileType = sourcecode.c.h; path = AerobicEvent.h; sourceTree = "<group>"; };
		2D7D7C611AC4D9A80069E888 /* AerobicEvent.m */ = {isa = PBXFileReference; fileEncoding = 4; lastKnownFileType = sourcecode.c.objc; path = AerobicEvent.m; sourceTree = "<group>"; };
		2D7D7C631AC69CA60069E888 /* CoreDataHelper.m */ = {isa = PBXFileReference; fileEncoding = 4; lastKnownFileType = sourcecode.c.objc; path = CoreDataHelper.m; sourceTree = "<group>"; };
		2D7D7C651AC69CC20069E888 /* CoreDataHelper.h */ = {isa = PBXFileReference; lastKnownFileType = sourcecode.c.h; path = CoreDataHelper.h; sourceTree = "<group>"; };
		2D7D7C691AC720CB0069E888 /* WeightLiftingEvent.h */ = {isa = PBXFileReference; fileEncoding = 4; lastKnownFileType = sourcecode.c.h; path = WeightLiftingEvent.h; sourceTree = "<group>"; };
		2D7D7C6A1AC720CB0069E888 /* WeightLiftingEvent.m */ = {isa = PBXFileReference; fileEncoding = 4; lastKnownFileType = sourcecode.c.objc; path = WeightLiftingEvent.m; sourceTree = "<group>"; };
		2D7D7C6C1AC834B30069E888 /* DefaultWeightLifting.h */ = {isa = PBXFileReference; fileEncoding = 4; lastKnownFileType = sourcecode.c.h; path = DefaultWeightLifting.h; sourceTree = "<group>"; };
		2D7D7C6D1AC834B30069E888 /* DefaultWeightLifting.m */ = {isa = PBXFileReference; fileEncoding = 4; lastKnownFileType = sourcecode.c.objc; path = DefaultWeightLifting.m; sourceTree = "<group>"; };
		2D7D7C721ACFF2C80069E888 /* WeightEventTVC.h */ = {isa = PBXFileReference; fileEncoding = 4; lastKnownFileType = sourcecode.c.h; path = WeightEventTVC.h; sourceTree = "<group>"; };
		2D7D7C731ACFF2C80069E888 /* WeightEventTVC.m */ = {isa = PBXFileReference; fileEncoding = 4; lastKnownFileType = sourcecode.c.objc; path = WeightEventTVC.m; sourceTree = "<group>"; };
		2DBCE83B1AAB98EB00303DE1 /* ExerciseRecording.app */ = {isa = PBXFileReference; explicitFileType = wrapper.application; includeInIndex = 0; path = ExerciseRecording.app; sourceTree = BUILT_PRODUCTS_DIR; };
		2DBCE83F1AAB98EB00303DE1 /* Info.plist */ = {isa = PBXFileReference; lastKnownFileType = text.plist.xml; path = Info.plist; sourceTree = "<group>"; };
		2DBCE8401AAB98EB00303DE1 /* main.m */ = {isa = PBXFileReference; lastKnownFileType = sourcecode.c.objc; path = main.m; sourceTree = "<group>"; };
		2DBCE8421AAB98EB00303DE1 /* AppDelegate.h */ = {isa = PBXFileReference; lastKnownFileType = sourcecode.c.h; path = AppDelegate.h; sourceTree = "<group>"; };
		2DBCE8431AAB98EB00303DE1 /* AppDelegate.m */ = {isa = PBXFileReference; lastKnownFileType = sourcecode.c.objc; path = AppDelegate.m; sourceTree = "<group>"; };
		2DBCE8461AAB98EB00303DE1 /* ExerciseRecording.xcdatamodel */ = {isa = PBXFileReference; lastKnownFileType = wrapper.xcdatamodel; path = ExerciseRecording.xcdatamodel; sourceTree = "<group>"; };
		2DBCE8481AAB98EB00303DE1 /* EventViewController.h */ = {isa = PBXFileReference; lastKnownFileType = sourcecode.c.h; name = EventViewController.h; path = ExerciseRecording/EventViewController.h; sourceTree = "<group>"; };
		2DBCE8491AAB98EB00303DE1 /* EventViewController.m */ = {isa = PBXFileReference; lastKnownFileType = sourcecode.c.objc; name = EventViewController.m; path = ExerciseRecording/EventViewController.m; sourceTree = "<group>"; };
		2DBCE84C1AAB98EB00303DE1 /* Base */ = {isa = PBXFileReference; lastKnownFileType = file.storyboard; name = Base; path = Base.lproj/Main.storyboard; sourceTree = "<group>"; };
		2DBCE84E1AAB98EB00303DE1 /* Images.xcassets */ = {isa = PBXFileReference; lastKnownFileType = folder.assetcatalog; path = Images.xcassets; sourceTree = "<group>"; };
		2DBCE8511AAB98EB00303DE1 /* Base */ = {isa = PBXFileReference; lastKnownFileType = file.xib; name = Base; path = Base.lproj/LaunchScreen.xib; sourceTree = "<group>"; };
		2DBCE8571AAB98EC00303DE1 /* ExerciseRecordingTests.xctest */ = {isa = PBXFileReference; explicitFileType = wrapper.cfbundle; includeInIndex = 0; path = ExerciseRecordingTests.xctest; sourceTree = BUILT_PRODUCTS_DIR; };
		2DBCE85C1AAB98EC00303DE1 /* Info.plist */ = {isa = PBXFileReference; lastKnownFileType = text.plist.xml; path = Info.plist; sourceTree = "<group>"; };
		2DBCE85D1AAB98EC00303DE1 /* ExerciseRecordingTests.m */ = {isa = PBXFileReference; lastKnownFileType = sourcecode.c.objc; path = ExerciseRecordingTests.m; sourceTree = "<group>"; };
		2DBCE8671AACCBF100303DE1 /* ExerciseCategory.plist */ = {isa = PBXFileReference; fileEncoding = 4; lastKnownFileType = text.plist.xml; name = ExerciseCategory.plist; path = ExerciseRecording/ExerciseCategory.plist; sourceTree = "<group>"; };
		2DBCE8761AACDBED00303DE1 /* SetupExerciseInfoViewController.h */ = {isa = PBXFileReference; fileEncoding = 4; lastKnownFileType = sourcecode.c.h; path = SetupExerciseInfoViewController.h; sourceTree = "<group>"; };
		2DBCE8771AACDBED00303DE1 /* SetupExreciseInfoViewController.m */ = {isa = PBXFileReference; fileEncoding = 4; lastKnownFileType = sourcecode.c.objc; path = SetupExreciseInfoViewController.m; sourceTree = "<group>"; };
		2DFD820D1ADB045A00BD9D86 /* AddWeightDataSectionHeaderCell.h */ = {isa = PBXFileReference; fileEncoding = 4; lastKnownFileType = sourcecode.c.h; path = AddWeightDataSectionHeaderCell.h; sourceTree = "<group>"; };
		2DFD820E1ADB045A00BD9D86 /* AddWeightDataSectionHeaderCell.m */ = {isa = PBXFileReference; fileEncoding = 4; lastKnownFileType = sourcecode.c.objc; path = AddWeightDataSectionHeaderCell.m; sourceTree = "<group>"; };
		2DFD82101ADDDB3600BD9D86 /* WeightEventTableCellNoNote.h */ = {isa = PBXFileReference; fileEncoding = 4; lastKnownFileType = sourcecode.c.h; path = WeightEventTableCellNoNote.h; sourceTree = "<group>"; };
		2DFD82111ADDDB3600BD9D86 /* WeightEventTableCellNoNote.m */ = {isa = PBXFileReference; fileEncoding = 4; lastKnownFileType = sourcecode.c.objc; path = WeightEventTableCellNoNote.m; sourceTree = "<group>"; };
		2DFD82131ADF33C000BD9D86 /* ExerciseSelection.plist */ = {isa = PBXFileReference; fileEncoding = 4; lastKnownFileType = text.plist.xml; name = ExerciseSelection.plist; path = ExerciseRecording/ExerciseSelection.plist; sourceTree = "<group>"; };
		2DFD82151ADF37DD00BD9D86 /* SelectEventToAddTableViewController.h */ = {isa = PBXFileReference; fileEncoding = 4; lastKnownFileType = sourcecode.c.h; path = SelectEventToAddTableViewController.h; sourceTree = "<group>"; };
		2DFD82161ADF37DD00BD9D86 /* SelectEventToAddTableViewController.m */ = {isa = PBXFileReference; fileEncoding = 4; lastKnownFileType = sourcecode.c.objc; path = SelectEventToAddTableViewController.m; sourceTree = "<group>"; };
		2DFD821C1ADFBD0F00BD9D86 /* DefaultEventSelection.h */ = {isa = PBXFileReference; fileEncoding = 4; lastKnownFileType = sourcecode.c.h; path = DefaultEventSelection.h; sourceTree = "<group>"; };
		2DFD821D1ADFBD0F00BD9D86 /* DefaultEventSelection.m */ = {isa = PBXFileReference; fileEncoding = 4; lastKnownFileType = sourcecode.c.objc; path = DefaultEventSelection.m; sourceTree = "<group>"; };
		2DFD821F1AE085C800BD9D86 /* Support.h */ = {isa = PBXFileReference; lastKnownFileType = sourcecode.c.h; path = Support.h; sourceTree = "<group>"; };
/* End PBXFileReference section */

/* Begin PBXFrameworksBuildPhase section */
		2DBCE8381AAB98EB00303DE1 /* Frameworks */ = {
			isa = PBXFrameworksBuildPhase;
			buildActionMask = 2147483647;
			files = (
			);
			runOnlyForDeploymentPostprocessing = 0;
		};
		2DBCE8541AAB98EC00303DE1 /* Frameworks */ = {
			isa = PBXFrameworksBuildPhase;
			buildActionMask = 2147483647;
			files = (
			);
			runOnlyForDeploymentPostprocessing = 0;
		};
/* End PBXFrameworksBuildPhase section */

/* Begin PBXGroup section */
		2D7D7C051ABDC13D0069E888 /* Utilities */ = {
			isa = PBXGroup;
			children = (
				2D7D7C0F1ABDD00F0069E888 /* UIScrollView+TPKeyboardAvoidingAdditions.h */,
				2D7D7C101ABDD00F0069E888 /* UIScrollView+TPKeyboardAvoidingAdditions.m */,
				2D7D7C0C1ABDCFFD0069E888 /* TPKeyboardAvoidingScrollView.h */,
				2D7D7C0D1ABDCFFD0069E888 /* TPKeyboardAvoidingScrollView.m */,
			);
			name = Utilities;
			sourceTree = "<group>";
		};
		2DBCE8321AAB98EB00303DE1 = {
			isa = PBXGroup;
			children = (
				2DBCE84B1AAB98EB00303DE1 /* Main.storyboard */,
				2DBCE83D1AAB98EB00303DE1 /* ExerciseRecording */,
				2DFD82181ADF38D700BD9D86 /* TableViews */,
				2DBCE8731AACDB3000303DE1 /* ControllerFiles */,
				2DBCE8721AACDAEB00303DE1 /* DataFiles */,
				2D7D7C051ABDC13D0069E888 /* Utilities */,
				2DBCE85A1AAB98EC00303DE1 /* ExerciseRecordingTests */,
				2DBCE83C1AAB98EB00303DE1 /* Products */,
			);
			sourceTree = "<group>";
		};
		2DBCE83C1AAB98EB00303DE1 /* Products */ = {
			isa = PBXGroup;
			children = (
				2DBCE83B1AAB98EB00303DE1 /* ExerciseRecording.app */,
				2DBCE8571AAB98EC00303DE1 /* ExerciseRecordingTests.xctest */,
			);
			name = Products;
			sourceTree = "<group>";
		};
		2DBCE83D1AAB98EB00303DE1 /* ExerciseRecording */ = {
			isa = PBXGroup;
			children = (
				2DBCE83E1AAB98EB00303DE1 /* Supporting Files */,
				2DBCE8421AAB98EB00303DE1 /* AppDelegate.h */,
				2DBCE8431AAB98EB00303DE1 /* AppDelegate.m */,
				2DFD821C1ADFBD0F00BD9D86 /* DefaultEventSelection.h */,
				2DFD821D1ADFBD0F00BD9D86 /* DefaultEventSelection.m */,
				2DFD821F1AE085C800BD9D86 /* Support.h */,
			);
			path = ExerciseRecording;
			sourceTree = "<group>";
		};
		2DBCE83E1AAB98EB00303DE1 /* Supporting Files */ = {
			isa = PBXGroup;
			children = (
				2DBCE83F1AAB98EB00303DE1 /* Info.plist */,
				2DBCE8401AAB98EB00303DE1 /* main.m */,
				2DBCE8501AAB98EB00303DE1 /* LaunchScreen.xib */,
				2DBCE84E1AAB98EB00303DE1 /* Images.xcassets */,
			);
			name = "Supporting Files";
			sourceTree = "<group>";
		};
		2DBCE85A1AAB98EC00303DE1 /* ExerciseRecordingTests */ = {
			isa = PBXGroup;
			children = (
				2DBCE85D1AAB98EC00303DE1 /* ExerciseRecordingTests.m */,
				2DBCE85B1AAB98EC00303DE1 /* Supporting Files */,
			);
			path = ExerciseRecordingTests;
			sourceTree = "<group>";
		};
		2DBCE85B1AAB98EC00303DE1 /* Supporting Files */ = {
			isa = PBXGroup;
			children = (
				2DBCE85C1AAB98EC00303DE1 /* Info.plist */,
			);
			name = "Supporting Files";
			sourceTree = "<group>";
		};
		2DBCE8721AACDAEB00303DE1 /* DataFiles */ = {
			isa = PBXGroup;
			children = (
				2DBCE8671AACCBF100303DE1 /* ExerciseCategory.plist */,
				2DFD82131ADF33C000BD9D86 /* ExerciseSelection.plist */,
				2D7D7C651AC69CC20069E888 /* CoreDataHelper.h */,
				2D7D7C631AC69CA60069E888 /* CoreDataHelper.m */,
				2D7D7C601AC4D9A80069E888 /* AerobicEvent.h */,
				2D7D7C611AC4D9A80069E888 /* AerobicEvent.m */,
				2DBCE8451AAB98EB00303DE1 /* ExerciseRecording.xcdatamodeld */,
				2D7D7C6C1AC834B30069E888 /* DefaultWeightLifting.h */,
				2D7D7C6D1AC834B30069E888 /* DefaultWeightLifting.m */,
				2D7D7C691AC720CB0069E888 /* WeightLiftingEvent.h */,
				2D7D7C6A1AC720CB0069E888 /* WeightLiftingEvent.m */,
				2D7D7C4E1AC21A1F0069E888 /* DefaultAerobic.h */,
				2D7D7C4F1AC21A1F0069E888 /* DefaultAerobic.m */,
			);
			name = DataFiles;
			sourceTree = "<group>";
		};
		2DBCE8731AACDB3000303DE1 /* ControllerFiles */ = {
			isa = PBXGroup;
			children = (
				2D7D7C5A1AC21C540069E888 /* Add Aerobic VC.h */,
				2D7D7C5B1AC21C540069E888 /* Add Aerobic VC.m */,
				2D7D7C301AC0C5950069E888 /* AddWeightDataVC.h */,
				2D7D7C311AC0C5950069E888 /* AddWeightDataVC.m */,
				2DBCE8481AAB98EB00303DE1 /* EventViewController.h */,
				2DBCE8491AAB98EB00303DE1 /* EventViewController.m */,
				2DBCE8761AACDBED00303DE1 /* SetupExerciseInfoViewController.h */,
				2DBCE8771AACDBED00303DE1 /* SetupExreciseInfoViewController.m */,
			);
			name = ControllerFiles;
			sourceTree = "<group>";
		};
		2DFD82181ADF38D700BD9D86 /* TableViews */ = {
			isa = PBXGroup;
			children = (
				2D7D7C121ABECF510069E888 /* AddEventDataTVC.h */,
				2D7D7C131ABECF510069E888 /* AddEventDataTVC.m */,
				2DFD82151ADF37DD00BD9D86 /* SelectEventToAddTableViewController.h */,
				2DFD82161ADF37DD00BD9D86 /* SelectEventToAddTableViewController.m */,
				2DFD82191ADF398F00BD9D86 /* TableCells */,
			);
			name = TableViews;
			sourceTree = "<group>";
		};
		2DFD82191ADF398F00BD9D86 /* TableCells */ = {
			isa = PBXGroup;
			children = (
				2DFD820D1ADB045A00BD9D86 /* AddWeightDataSectionHeaderCell.h */,
				2DFD820E1ADB045A00BD9D86 /* AddWeightDataSectionHeaderCell.m */,
				2DFD82101ADDDB3600BD9D86 /* WeightEventTableCellNoNote.h */,
				2DFD82111ADDDB3600BD9D86 /* WeightEventTableCellNoNote.m */,
				2D7D7C721ACFF2C80069E888 /* WeightEventTVC.h */,
				2D7D7C731ACFF2C80069E888 /* WeightEventTVC.m */,
			);
			name = TableCells;
			sourceTree = "<group>";
		};
/* End PBXGroup section */

/* Begin PBXNativeTarget section */
		2DBCE83A1AAB98EB00303DE1 /* ExerciseRecording */ = {
			isa = PBXNativeTarget;
			buildConfigurationList = 2DBCE8611AAB98EC00303DE1 /* Build configuration list for PBXNativeTarget "ExerciseRecording" */;
			buildPhases = (
				2DBCE8371AAB98EB00303DE1 /* Sources */,
				2DBCE8381AAB98EB00303DE1 /* Frameworks */,
				2DBCE8391AAB98EB00303DE1 /* Resources */,
			);
			buildRules = (
			);
			dependencies = (
			);
			name = ExerciseRecording;
			productName = ExerciseRecording;
			productReference = 2DBCE83B1AAB98EB00303DE1 /* ExerciseRecording.app */;
			productType = "com.apple.product-type.application";
		};
		2DBCE8561AAB98EC00303DE1 /* ExerciseRecordingTests */ = {
			isa = PBXNativeTarget;
			buildConfigurationList = 2DBCE8641AAB98EC00303DE1 /* Build configuration list for PBXNativeTarget "ExerciseRecordingTests" */;
			buildPhases = (
				2DBCE8531AAB98EC00303DE1 /* Sources */,
				2DBCE8541AAB98EC00303DE1 /* Frameworks */,
				2DBCE8551AAB98EC00303DE1 /* Resources */,
			);
			buildRules = (
			);
			dependencies = (
				2DBCE8591AAB98EC00303DE1 /* PBXTargetDependency */,
			);
			name = ExerciseRecordingTests;
			productName = ExerciseRecordingTests;
			productReference = 2DBCE8571AAB98EC00303DE1 /* ExerciseRecordingTests.xctest */;
			productType = "com.apple.product-type.bundle.unit-test";
		};
/* End PBXNativeTarget section */

/* Begin PBXProject section */
		2DBCE8331AAB98EB00303DE1 /* Project object */ = {
			isa = PBXProject;
			attributes = {
				LastUpgradeCheck = 0610;
				ORGANIZATIONNAME = "Douglas Alexander";
				TargetAttributes = {
					2DBCE83A1AAB98EB00303DE1 = {
						CreatedOnToolsVersion = 6.1.1;
					};
					2DBCE8561AAB98EC00303DE1 = {
						CreatedOnToolsVersion = 6.1.1;
						TestTargetID = 2DBCE83A1AAB98EB00303DE1;
					};
				};
			};
			buildConfigurationList = 2DBCE8361AAB98EB00303DE1 /* Build configuration list for PBXProject "ExerciseRecording" */;
			compatibilityVersion = "Xcode 3.2";
			developmentRegion = English;
			hasScannedForEncodings = 0;
			knownRegions = (
				en,
				Base,
			);
			mainGroup = 2DBCE8321AAB98EB00303DE1;
			productRefGroup = 2DBCE83C1AAB98EB00303DE1 /* Products */;
			projectDirPath = "";
			projectRoot = "";
			targets = (
				2DBCE83A1AAB98EB00303DE1 /* ExerciseRecording */,
				2DBCE8561AAB98EC00303DE1 /* ExerciseRecordingTests */,
			);
		};
/* End PBXProject section */

/* Begin PBXResourcesBuildPhase section */
		2DBCE8391AAB98EB00303DE1 /* Resources */ = {
			isa = PBXResourcesBuildPhase;
			buildActionMask = 2147483647;
			files = (
				2DBCE84D1AAB98EB00303DE1 /* Main.storyboard in Resources */,
				2DBCE8521AAB98EB00303DE1 /* LaunchScreen.xib in Resources */,
				2DBCE8681AACCBF100303DE1 /* ExerciseCategory.plist in Resources */,
				2DFD82141ADF33C000BD9D86 /* ExerciseSelection.plist in Resources */,
				2DBCE84F1AAB98EB00303DE1 /* Images.xcassets in Resources */,
			);
			runOnlyForDeploymentPostprocessing = 0;
		};
		2DBCE8551AAB98EC00303DE1 /* Resources */ = {
			isa = PBXResourcesBuildPhase;
			buildActionMask = 2147483647;
			files = (
			);
			runOnlyForDeploymentPostprocessing = 0;
		};
/* End PBXResourcesBuildPhase section */

/* Begin PBXSourcesBuildPhase section */
		2DBCE8371AAB98EB00303DE1 /* Sources */ = {
			isa = PBXSourcesBuildPhase;
			buildActionMask = 2147483647;
			files = (
				2D7D7C641AC69CA60069E888 /* CoreDataHelper.m in Sources */,
				2DBCE8441AAB98EB00303DE1 /* AppDelegate.m in Sources */,
				2D7D7C0E1ABDCFFD0069E888 /* TPKeyboardAvoidingScrollView.m in Sources */,
				2D7D7C741ACFF2C80069E888 /* WeightEventTVC.m in Sources */,
				2DFD82121ADDDB3600BD9D86 /* WeightEventTableCellNoNote.m in Sources */,
				2D7D7C501AC21A1F0069E888 /* DefaultAerobic.m in Sources */,
				2D7D7C5C1AC21C540069E888 /* Add Aerobic VC.m in Sources */,
				2DBCE8471AAB98EB00303DE1 /* ExerciseRecording.xcdatamodeld in Sources */,
				2D7D7C111ABDD00F0069E888 /* UIScrollView+TPKeyboardAvoidingAdditions.m in Sources */,
				2D7D7C6E1AC834B30069E888 /* DefaultWeightLifting.m in Sources */,
				2D7D7C141ABECF510069E888 /* AddEventDataTVC.m in Sources */,
				2DFD821E1ADFBD0F00BD9D86 /* DefaultEventSelection.m in Sources */,
				2D7D7C6B1AC720CB0069E888 /* WeightLiftingEvent.m in Sources */,
				2DBCE8781AACDBED00303DE1 /* SetupExreciseInfoViewController.m in Sources */,
				2DFD820F1ADB045A00BD9D86 /* AddWeightDataSectionHeaderCell.m in Sources */,
				2D7D7C321AC0C5950069E888 /* AddWeightDataVC.m in Sources */,
				2DBCE84A1AAB98EB00303DE1 /* EventViewController.m in Sources */,
				2D7D7C621AC4D9A80069E888 /* AerobicEvent.m in Sources */,
				2DBCE8411AAB98EB00303DE1 /* main.m in Sources */,
				2DFD82171ADF37DD00BD9D86 /* SelectEventToAddTableViewController.m in Sources */,
			);
			runOnlyForDeploymentPostprocessing = 0;
		};
		2DBCE8531AAB98EC00303DE1 /* Sources */ = {
			isa = PBXSourcesBuildPhase;
			buildActionMask = 2147483647;
			files = (
				2DBCE85E1AAB98EC00303DE1 /* ExerciseRecordingTests.m in Sources */,
			);
			runOnlyForDeploymentPostprocessing = 0;
		};
/* End PBXSourcesBuildPhase section */

/* Begin PBXTargetDependency section */
		2DBCE8591AAB98EC00303DE1 /* PBXTargetDependency */ = {
			isa = PBXTargetDependency;
			target = 2DBCE83A1AAB98EB00303DE1 /* ExerciseRecording */;
			targetProxy = 2DBCE8581AAB98EC00303DE1 /* PBXContainerItemProxy */;
		};
/* End PBXTargetDependency section */

/* Begin PBXVariantGroup section */
		2DBCE84B1AAB98EB00303DE1 /* Main.storyboard */ = {
			isa = PBXVariantGroup;
			children = (
				2DBCE84C1AAB98EB00303DE1 /* Base */,
			);
			name = Main.storyboard;
			path = ExerciseRecording;
			sourceTree = "<group>";
		};
		2DBCE8501AAB98EB00303DE1 /* LaunchScreen.xib */ = {
			isa = PBXVariantGroup;
			children = (
				2DBCE8511AAB98EB00303DE1 /* Base */,
			);
			name = LaunchScreen.xib;
			sourceTree = "<group>";
		};
/* End PBXVariantGroup section */

/* Begin XCBuildConfiguration section */
		2DBCE85F1AAB98EC00303DE1 /* Debug */ = {
			isa = XCBuildConfiguration;
			buildSettings = {
				ALWAYS_SEARCH_USER_PATHS = NO;
				CLANG_CXX_LANGUAGE_STANDARD = "gnu++0x";
				CLANG_CXX_LIBRARY = "libc++";
				CLANG_ENABLE_MODULES = YES;
				CLANG_ENABLE_OBJC_ARC = YES;
				CLANG_WARN_BOOL_CONVERSION = YES;
				CLANG_WARN_CONSTANT_CONVERSION = YES;
				CLANG_WARN_DIRECT_OBJC_ISA_USAGE = YES_ERROR;
				CLANG_WARN_EMPTY_BODY = YES;
				CLANG_WARN_ENUM_CONVERSION = YES;
				CLANG_WARN_INT_CONVERSION = YES;
				CLANG_WARN_OBJC_ROOT_CLASS = YES_ERROR;
				CLANG_WARN_UNREACHABLE_CODE = YES;
				CLANG_WARN__DUPLICATE_METHOD_MATCH = YES;
				"CODE_SIGN_IDENTITY[sdk=iphoneos*]" = "iPhone Developer";
				COPY_PHASE_STRIP = NO;
				ENABLE_STRICT_OBJC_MSGSEND = YES;
				GCC_C_LANGUAGE_STANDARD = gnu99;
				GCC_DYNAMIC_NO_PIC = NO;
				GCC_OPTIMIZATION_LEVEL = 0;
				GCC_PREPROCESSOR_DEFINITIONS = (
					"DEBUG=1",
					"$(inherited)",
				);
				GCC_SYMBOLS_PRIVATE_EXTERN = NO;
				GCC_WARN_64_TO_32_BIT_CONVERSION = YES;
				GCC_WARN_ABOUT_RETURN_TYPE = YES_ERROR;
				GCC_WARN_UNDECLARED_SELECTOR = YES;
				GCC_WARN_UNINITIALIZED_AUTOS = YES_AGGRESSIVE;
				GCC_WARN_UNUSED_FUNCTION = YES;
				GCC_WARN_UNUSED_VARIABLE = YES;
				IPHONEOS_DEPLOYMENT_TARGET = 8.1;
				MTL_ENABLE_DEBUG_INFO = YES;
				ONLY_ACTIVE_ARCH = YES;
				SDKROOT = iphoneos;
				TARGETED_DEVICE_FAMILY = "1,2";
			};
			name = Debug;
		};
		2DBCE8601AAB98EC00303DE1 /* Release */ = {
			isa = XCBuildConfiguration;
			buildSettings = {
				ALWAYS_SEARCH_USER_PATHS = NO;
				CLANG_CXX_LANGUAGE_STANDARD = "gnu++0x";
				CLANG_CXX_LIBRARY = "libc++";
				CLANG_ENABLE_MODULES = YES;
				CLANG_ENABLE_OBJC_ARC = YES;
				CLANG_WARN_BOOL_CONVERSION = YES;
				CLANG_WARN_CONSTANT_CONVERSION = YES;
				CLANG_WARN_DIRECT_OBJC_ISA_USAGE = YES_ERROR;
				CLANG_WARN_EMPTY_BODY = YES;
				CLANG_WARN_ENUM_CONVERSION = YES;
				CLANG_WARN_INT_CONVERSION = YES;
				CLANG_WARN_OBJC_ROOT_CLASS = YES_ERROR;
				CLANG_WARN_UNREACHABLE_CODE = YES;
				CLANG_WARN__DUPLICATE_METHOD_MATCH = YES;
				"CODE_SIGN_IDENTITY[sdk=iphoneos*]" = "iPhone Developer";
				COPY_PHASE_STRIP = YES;
				ENABLE_NS_ASSERTIONS = NO;
				ENABLE_STRICT_OBJC_MSGSEND = YES;
				GCC_C_LANGUAGE_STANDARD = gnu99;
				GCC_WARN_64_TO_32_BIT_CONVERSION = YES;
				GCC_WARN_ABOUT_RETURN_TYPE = YES_ERROR;
				GCC_WARN_UNDECLARED_SELECTOR = YES;
				GCC_WARN_UNINITIALIZED_AUTOS = YES_AGGRESSIVE;
				GCC_WARN_UNUSED_FUNCTION = YES;
				GCC_WARN_UNUSED_VARIABLE = YES;
				IPHONEOS_DEPLOYMENT_TARGET = 8.1;
				MTL_ENABLE_DEBUG_INFO = NO;
				SDKROOT = iphoneos;
				TARGETED_DEVICE_FAMILY = "1,2";
				VALIDATE_PRODUCT = YES;
			};
			name = Release;
		};
		2DBCE8621AAB98EC00303DE1 /* Debug */ = {
			isa = XCBuildConfiguration;
			buildSettings = {
				ASSETCATALOG_COMPILER_APPICON_NAME = AppIcon;
				INFOPLIST_FILE = ExerciseRecording/Info.plist;
				LD_RUNPATH_SEARCH_PATHS = "$(inherited) @executable_path/Frameworks";
				PRODUCT_NAME = "$(TARGET_NAME)";
			};
			name = Debug;
		};
		2DBCE8631AAB98EC00303DE1 /* Release */ = {
			isa = XCBuildConfiguration;
			buildSettings = {
				ASSETCATALOG_COMPILER_APPICON_NAME = AppIcon;
				INFOPLIST_FILE = ExerciseRecording/Info.plist;
				LD_RUNPATH_SEARCH_PATHS = "$(inherited) @executable_path/Frameworks";
				PRODUCT_NAME = "$(TARGET_NAME)";
			};
			name = Release;
		};
		2DBCE8651AAB98EC00303DE1 /* Debug */ = {
			isa = XCBuildConfiguration;
			buildSettings = {
				BUNDLE_LOADER = "$(TEST_HOST)";
				FRAMEWORK_SEARCH_PATHS = (
					"$(SDKROOT)/Developer/Library/Frameworks",
					"$(inherited)",
				);
				GCC_PREPROCESSOR_DEFINITIONS = (
					"DEBUG=1",
					"$(inherited)",
				);
				INFOPLIST_FILE = ExerciseRecordingTests/Info.plist;
				LD_RUNPATH_SEARCH_PATHS = "$(inherited) @executable_path/Frameworks @loader_path/Frameworks";
				PRODUCT_NAME = "$(TARGET_NAME)";
				TEST_HOST = "$(BUILT_PRODUCTS_DIR)/ExerciseRecording.app/ExerciseRecording";
			};
			name = Debug;
		};
		2DBCE8661AAB98EC00303DE1 /* Release */ = {
			isa = XCBuildConfiguration;
			buildSettings = {
				BUNDLE_LOADER = "$(TEST_HOST)";
				FRAMEWORK_SEARCH_PATHS = (
					"$(SDKROOT)/Developer/Library/Frameworks",
					"$(inherited)",
				);
				INFOPLIST_FILE = ExerciseRecordingTests/Info.plist;
				LD_RUNPATH_SEARCH_PATHS = "$(inherited) @executable_path/Frameworks @loader_path/Frameworks";
				PRODUCT_NAME = "$(TARGET_NAME)";
				TEST_HOST = "$(BUILT_PRODUCTS_DIR)/ExerciseRecording.app/ExerciseRecording";
			};
			name = Release;
		};
/* End XCBuildConfiguration section */

/* Begin XCConfigurationList section */
		2DBCE8361AAB98EB00303DE1 /* Build configuration list for PBXProject "ExerciseRecording" */ = {
			isa = XCConfigurationList;
			buildConfigurations = (
				2DBCE85F1AAB98EC00303DE1 /* Debug */,
				2DBCE8601AAB98EC00303DE1 /* Release */,
			);
			defaultConfigurationIsVisible = 0;
			defaultConfigurationName = Release;
		};
		2DBCE8611AAB98EC00303DE1 /* Build configuration list for PBXNativeTarget "ExerciseRecording" */ = {
			isa = XCConfigurationList;
			buildConfigurations = (
				2DBCE8621AAB98EC00303DE1 /* Debug */,
				2DBCE8631AAB98EC00303DE1 /* Release */,
			);
			defaultConfigurationIsVisible = 0;
			defaultConfigurationName = Release;
		};
		2DBCE8641AAB98EC00303DE1 /* Build configuration list for PBXNativeTarget "ExerciseRecordingTests" */ = {
			isa = XCConfigurationList;
			buildConfigurations = (
				2DBCE8651AAB98EC00303DE1 /* Debug */,
				2DBCE8661AAB98EC00303DE1 /* Release */,
			);
			defaultConfigurationIsVisible = 0;
			defaultConfigurationName = Release;
		};
/* End XCConfigurationList section */

/* Begin XCVersionGroup section */
		2DBCE8451AAB98EB00303DE1 /* ExerciseRecording.xcdatamodeld */ = {
			isa = XCVersionGroup;
			children = (
				2DBCE8461AAB98EB00303DE1 /* ExerciseRecording.xcdatamodel */,
			);
			currentVersion = 2DBCE8461AAB98EB00303DE1 /* ExerciseRecording.xcdatamodel */;
			name = ExerciseRecording.xcdatamodeld;
			path = ExerciseRecording/ExerciseRecording.xcdatamodeld;
			sourceTree = "<group>";
			versionGroupType = wrapper.xcdatamodel;
		};
/* End XCVersionGroup section */
	};
	rootObject = 2DBCE8331AAB98EB00303DE1 /* Project object */;
}
